// !$*UTF8*$!
{
	archiveVersion = 1;
	classes = {
	};
	objectVersion = 55;
	objects = {

/* Begin PBXBuildFile section */
		F07FC9CD275F4CEA00CF9CDF /* ButtonStyleApp.swift in Sources */ = {isa = PBXBuildFile; fileRef = F07FC9CC275F4CEA00CF9CDF /* ButtonStyleApp.swift */; };
		F07FC9CF275F4CEA00CF9CDF /* ContentView.swift in Sources */ = {isa = PBXBuildFile; fileRef = F07FC9CE275F4CEA00CF9CDF /* ContentView.swift */; };
		F07FC9D1275F4CEC00CF9CDF /* Assets.xcassets in Resources */ = {isa = PBXBuildFile; fileRef = F07FC9D0275F4CEC00CF9CDF /* Assets.xcassets */; };
		F07FC9D4275F4CEC00CF9CDF /* Preview Assets.xcassets in Resources */ = {isa = PBXBuildFile; fileRef = F07FC9D3275F4CEC00CF9CDF /* Preview Assets.xcassets */; };
		F07FC9DE275F4CEC00CF9CDF /* ButtonStyleTests.swift in Sources */ = {isa = PBXBuildFile; fileRef = F07FC9DD275F4CEC00CF9CDF /* ButtonStyleTests.swift */; };
		F07FC9E8275F4CEC00CF9CDF /* ButtonStyleUITests.swift in Sources */ = {isa = PBXBuildFile; fileRef = F07FC9E7275F4CEC00CF9CDF /* ButtonStyleUITests.swift */; };
		F07FC9EA275F4CEC00CF9CDF /* ButtonStyleUITestsLaunchTests.swift in Sources */ = {isa = PBXBuildFile; fileRef = F07FC9E9275F4CEC00CF9CDF /* ButtonStyleUITestsLaunchTests.swift */; };
		F07FC9F7275F4DAB00CF9CDF /* MyButtonStyle.swift in Sources */ = {isa = PBXBuildFile; fileRef = F07FC9F6275F4DAB00CF9CDF /* MyButtonStyle.swift */; };
		F07FC9F9275F520B00CF9CDF /* MyrotateButtonStyle.swift in Sources */ = {isa = PBXBuildFile; fileRef = F07FC9F8275F520B00CF9CDF /* MyrotateButtonStyle.swift */; };
		F07FC9FB275F548500CF9CDF /* MySmallerButton.swift in Sources */ = {isa = PBXBuildFile; fileRef = F07FC9FA275F548500CF9CDF /* MySmallerButton.swift */; };
		F07FC9FD275F556200CF9CDF /* MyBlur.swift in Sources */ = {isa = PBXBuildFile; fileRef = F07FC9FC275F556200CF9CDF /* MyBlur.swift */; };
/* End PBXBuildFile section */

/* Begin PBXContainerItemProxy section */
		F07FC9DA275F4CEC00CF9CDF /* PBXContainerItemProxy */ = {
			isa = PBXContainerItemProxy;
			containerPortal = F07FC9C1275F4CEA00CF9CDF /* Project object */;
			proxyType = 1;
			remoteGlobalIDString = F07FC9C8275F4CEA00CF9CDF;
			remoteInfo = ButtonStyle;
		};
		F07FC9E4275F4CEC00CF9CDF /* PBXContainerItemProxy */ = {
			isa = PBXContainerItemProxy;
			containerPortal = F07FC9C1275F4CEA00CF9CDF /* Project object */;
			proxyType = 1;
			remoteGlobalIDString = F07FC9C8275F4CEA00CF9CDF;
			remoteInfo = ButtonStyle;
		};
/* End PBXContainerItemProxy section */

/* Begin PBXFileReference section */
		F07FC9C9275F4CEA00CF9CDF /* ButtonStyle.app */ = {isa = PBXFileReference; explicitFileType = wrapper.application; includeInIndex = 0; path = ButtonStyle.app; sourceTree = BUILT_PRODUCTS_DIR; };
		F07FC9CC275F4CEA00CF9CDF /* ButtonStyleApp.swift */ = {isa = PBXFileReference; lastKnownFileType = sourcecode.swift; path = ButtonStyleApp.swift; sourceTree = "<group>"; };
		F07FC9CE275F4CEA00CF9CDF /* ContentView.swift */ = {isa = PBXFileReference; lastKnownFileType = sourcecode.swift; path = ContentView.swift; sourceTree = "<group>"; };
		F07FC9D0275F4CEC00CF9CDF /* Assets.xcassets */ = {isa = PBXFileReference; lastKnownFileType = folder.assetcatalog; path = Assets.xcassets; sourceTree = "<group>"; };
		F07FC9D3275F4CEC00CF9CDF /* Preview Assets.xcassets */ = {isa = PBXFileReference; lastKnownFileType = folder.assetcatalog; path = "Preview Assets.xcassets"; sourceTree = "<group>"; };
		F07FC9D9275F4CEC00CF9CDF /* ButtonStyleTests.xctest */ = {isa = PBXFileReference; explicitFileType = wrapper.cfbundle; includeInIndex = 0; path = ButtonStyleTests.xctest; sourceTree = BUILT_PRODUCTS_DIR; };
		F07FC9DD275F4CEC00CF9CDF /* ButtonStyleTests.swift */ = {isa = PBXFileReference; lastKnownFileType = sourcecode.swift; path = ButtonStyleTests.swift; sourceTree = "<group>"; };
		F07FC9E3275F4CEC00CF9CDF /* ButtonStyleUITests.xctest */ = {isa = PBXFileReference; explicitFileType = wrapper.cfbundle; includeInIndex = 0; path = ButtonStyleUITests.xctest; sourceTree = BUILT_PRODUCTS_DIR; };
		F07FC9E7275F4CEC00CF9CDF /* ButtonStyleUITests.swift */ = {isa = PBXFileReference; lastKnownFileType = sourcecode.swift; path = ButtonStyleUITests.swift; sourceTree = "<group>"; };
		F07FC9E9275F4CEC00CF9CDF /* ButtonStyleUITestsLaunchTests.swift */ = {isa = PBXFileReference; lastKnownFileType = sourcecode.swift; path = ButtonStyleUITestsLaunchTests.swift; sourceTree = "<group>"; };
		F07FC9F6275F4DAB00CF9CDF /* MyButtonStyle.swift */ = {isa = PBXFileReference; lastKnownFileType = sourcecode.swift; path = MyButtonStyle.swift; sourceTree = "<group>"; };
		F07FC9F8275F520B00CF9CDF /* MyrotateButtonStyle.swift */ = {isa = PBXFileReference; lastKnownFileType = sourcecode.swift; path = MyrotateButtonStyle.swift; sourceTree = "<group>"; };
		F07FC9FA275F548500CF9CDF /* MySmallerButton.swift */ = {isa = PBXFileReference; lastKnownFileType = sourcecode.swift; path = MySmallerButton.swift; sourceTree = "<group>"; };
		F07FC9FC275F556200CF9CDF /* MyBlur.swift */ = {isa = PBXFileReference; lastKnownFileType = sourcecode.swift; path = MyBlur.swift; sourceTree = "<group>"; };
/* End PBXFileReference section */

/* Begin PBXFrameworksBuildPhase section */
		F07FC9C6275F4CEA00CF9CDF /* Frameworks */ = {
			isa = PBXFrameworksBuildPhase;
			buildActionMask = 2147483647;
			files = (
			);
			runOnlyForDeploymentPostprocessing = 0;
		};
		F07FC9D6275F4CEC00CF9CDF /* Frameworks */ = {
			isa = PBXFrameworksBuildPhase;
			buildActionMask = 2147483647;
			files = (
			);
			runOnlyForDeploymentPostprocessing = 0;
		};
		F07FC9E0275F4CEC00CF9CDF /* Frameworks */ = {
			isa = PBXFrameworksBuildPhase;
			buildActionMask = 2147483647;
			files = (
			);
			runOnlyForDeploymentPostprocessing = 0;
		};
/* End PBXFrameworksBuildPhase section */

/* Begin PBXGroup section */
		F07FC9C0275F4CEA00CF9CDF = {
			isa = PBXGroup;
			children = (
				F07FC9CB275F4CEA00CF9CDF /* ButtonStyle */,
				F07FC9DC275F4CEC00CF9CDF /* ButtonStyleTests */,
				F07FC9E6275F4CEC00CF9CDF /* ButtonStyleUITests */,
				F07FC9CA275F4CEA00CF9CDF /* Products */,
			);
			sourceTree = "<group>";
		};
		F07FC9CA275F4CEA00CF9CDF /* Products */ = {
			isa = PBXGroup;
			children = (
				F07FC9C9275F4CEA00CF9CDF /* ButtonStyle.app */,
				F07FC9D9275F4CEC00CF9CDF /* ButtonStyleTests.xctest */,
				F07FC9E3275F4CEC00CF9CDF /* ButtonStyleUITests.xctest */,
			);
			name = Products;
			sourceTree = "<group>";
		};
		F07FC9CB275F4CEA00CF9CDF /* ButtonStyle */ = {
			isa = PBXGroup;
			children = (
				F07FC9CC275F4CEA00CF9CDF /* ButtonStyleApp.swift */,
				F07FC9CE275F4CEA00CF9CDF /* ContentView.swift */,
				F07FC9F8275F520B00CF9CDF /* MyrotateButtonStyle.swift */,
				F07FC9FA275F548500CF9CDF /* MySmallerButton.swift */,
				F07FC9F6275F4DAB00CF9CDF /* MyButtonStyle.swift */,
				F07FC9FC275F556200CF9CDF /* MyBlur.swift */,
				F07FC9D0275F4CEC00CF9CDF /* Assets.xcassets */,
				F07FC9D2275F4CEC00CF9CDF /* Preview Content */,
			);
			path = ButtonStyle;
			sourceTree = "<group>";
		};
		F07FC9D2275F4CEC00CF9CDF /* Preview Content */ = {
			isa = PBXGroup;
			children = (
				F07FC9D3275F4CEC00CF9CDF /* Preview Assets.xcassets */,
			);
			path = "Preview Content";
			sourceTree = "<group>";
		};
		F07FC9DC275F4CEC00CF9CDF /* ButtonStyleTests */ = {
			isa = PBXGroup;
			children = (
				F07FC9DD275F4CEC00CF9CDF /* ButtonStyleTests.swift */,
			);
			path = ButtonStyleTests;
			sourceTree = "<group>";
		};
		F07FC9E6275F4CEC00CF9CDF /* ButtonStyleUITests */ = {
			isa = PBXGroup;
			children = (
				F07FC9E7275F4CEC00CF9CDF /* ButtonStyleUITests.swift */,
				F07FC9E9275F4CEC00CF9CDF /* ButtonStyleUITestsLaunchTests.swift */,
			);
			path = ButtonStyleUITests;
			sourceTree = "<group>";
		};
/* End PBXGroup section */

/* Begin PBXNativeTarget section */
		F07FC9C8275F4CEA00CF9CDF /* ButtonStyle */ = {
			isa = PBXNativeTarget;
			buildConfigurationList = F07FC9ED275F4CEC00CF9CDF /* Build configuration list for PBXNativeTarget "ButtonStyle" */;
			buildPhases = (
				F07FC9C5275F4CEA00CF9CDF /* Sources */,
				F07FC9C6275F4CEA00CF9CDF /* Frameworks */,
				F07FC9C7275F4CEA00CF9CDF /* Resources */,
			);
			buildRules = (
			);
			dependencies = (
			);
			name = ButtonStyle;
			productName = ButtonStyle;
			productReference = F07FC9C9275F4CEA00CF9CDF /* ButtonStyle.app */;
			productType = "com.apple.product-type.application";
		};
		F07FC9D8275F4CEC00CF9CDF /* ButtonStyleTests */ = {
			isa = PBXNativeTarget;
			buildConfigurationList = F07FC9F0275F4CEC00CF9CDF /* Build configuration list for PBXNativeTarget "ButtonStyleTests" */;
			buildPhases = (
				F07FC9D5275F4CEC00CF9CDF /* Sources */,
				F07FC9D6275F4CEC00CF9CDF /* Frameworks */,
				F07FC9D7275F4CEC00CF9CDF /* Resources */,
			);
			buildRules = (
			);
			dependencies = (
				F07FC9DB275F4CEC00CF9CDF /* PBXTargetDependency */,
			);
			name = ButtonStyleTests;
			productName = ButtonStyleTests;
			productReference = F07FC9D9275F4CEC00CF9CDF /* ButtonStyleTests.xctest */;
			productType = "com.apple.product-type.bundle.unit-test";
		};
		F07FC9E2275F4CEC00CF9CDF /* ButtonStyleUITests */ = {
			isa = PBXNativeTarget;
			buildConfigurationList = F07FC9F3275F4CEC00CF9CDF /* Build configuration list for PBXNativeTarget "ButtonStyleUITests" */;
			buildPhases = (
				F07FC9DF275F4CEC00CF9CDF /* Sources */,
				F07FC9E0275F4CEC00CF9CDF /* Frameworks */,
				F07FC9E1275F4CEC00CF9CDF /* Resources */,
			);
			buildRules = (
			);
			dependencies = (
				F07FC9E5275F4CEC00CF9CDF /* PBXTargetDependency */,
			);
			name = ButtonStyleUITests;
			productName = ButtonStyleUITests;
			productReference = F07FC9E3275F4CEC00CF9CDF /* ButtonStyleUITests.xctest */;
			productType = "com.apple.product-type.bundle.ui-testing";
		};
/* End PBXNativeTarget section */

/* Begin PBXProject section */
		F07FC9C1275F4CEA00CF9CDF /* Project object */ = {
			isa = PBXProject;
			attributes = {
				BuildIndependentTargetsInParallel = 1;
				LastSwiftUpdateCheck = 1310;
				LastUpgradeCheck = 1310;
				TargetAttributes = {
					F07FC9C8275F4CEA00CF9CDF = {
						CreatedOnToolsVersion = 13.1;
					};
					F07FC9D8275F4CEC00CF9CDF = {
						CreatedOnToolsVersion = 13.1;
						TestTargetID = F07FC9C8275F4CEA00CF9CDF;
					};
					F07FC9E2275F4CEC00CF9CDF = {
						CreatedOnToolsVersion = 13.1;
						TestTargetID = F07FC9C8275F4CEA00CF9CDF;
					};
				};
			};
			buildConfigurationList = F07FC9C4275F4CEA00CF9CDF /* Build configuration list for PBXProject "ButtonStyle" */;
			compatibilityVersion = "Xcode 13.0";
			developmentRegion = en;
			hasScannedForEncodings = 0;
			knownRegions = (
				en,
				Base,
			);
			mainGroup = F07FC9C0275F4CEA00CF9CDF;
			productRefGroup = F07FC9CA275F4CEA00CF9CDF /* Products */;
			projectDirPath = "";
			projectRoot = "";
			targets = (
				F07FC9C8275F4CEA00CF9CDF /* ButtonStyle */,
				F07FC9D8275F4CEC00CF9CDF /* ButtonStyleTests */,
				F07FC9E2275F4CEC00CF9CDF /* ButtonStyleUITests */,
			);
		};
/* End PBXProject section */

/* Begin PBXResourcesBuildPhase section */
		F07FC9C7275F4CEA00CF9CDF /* Resources */ = {
			isa = PBXResourcesBuildPhase;
			buildActionMask = 2147483647;
			files = (
				F07FC9D4275F4CEC00CF9CDF /* Preview Assets.xcassets in Resources */,
				F07FC9D1275F4CEC00CF9CDF /* Assets.xcassets in Resources */,
			);
			runOnlyForDeploymentPostprocessing = 0;
		};
		F07FC9D7275F4CEC00CF9CDF /* Resources */ = {
			isa = PBXResourcesBuildPhase;
			buildActionMask = 2147483647;
			files = (
			);
			runOnlyForDeploymentPostprocessing = 0;
		};
		F07FC9E1275F4CEC00CF9CDF /* Resources */ = {
			isa = PBXResourcesBuildPhase;
			buildActionMask = 2147483647;
			files = (
			);
			runOnlyForDeploymentPostprocessing = 0;
		};
/* End PBXResourcesBuildPhase section */

/* Begin PBXSourcesBuildPhase section */
		F07FC9C5275F4CEA00CF9CDF /* Sources */ = {
			isa = PBXSourcesBuildPhase;
			buildActionMask = 2147483647;
			files = (
				F07FC9FB275F548500CF9CDF /* MySmallerButton.swift in Sources */,
				F07FC9CF275F4CEA00CF9CDF /* ContentView.swift in Sources */,
				F07FC9FD275F556200CF9CDF /* MyBlur.swift in Sources */,
				F07FC9F7275F4DAB00CF9CDF /* MyButtonStyle.swift in Sources */,
				F07FC9F9275F520B00CF9CDF /* MyrotateButtonStyle.swift in Sources */,
				F07FC9CD275F4CEA00CF9CDF /* ButtonStyleApp.swift in Sources */,
			);
			runOnlyForDeploymentPostprocessing = 0;
		};
		F07FC9D5275F4CEC00CF9CDF /* Sources */ = {
			isa = PBXSourcesBuildPhase;
			buildActionMask = 2147483647;
			files = (
				F07FC9DE275F4CEC00CF9CDF /* ButtonStyleTests.swift in Sources */,
			);
			runOnlyForDeploymentPostprocessing = 0;
		};
		F07FC9DF275F4CEC00CF9CDF /* Sources */ = {
			isa = PBXSourcesBuildPhase;
			buildActionMask = 2147483647;
			files = (
				F07FC9EA275F4CEC00CF9CDF /* ButtonStyleUITestsLaunchTests.swift in Sources */,
				F07FC9E8275F4CEC00CF9CDF /* ButtonStyleUITests.swift in Sources */,
			);
			runOnlyForDeploymentPostprocessing = 0;
		};
/* End PBXSourcesBuildPhase section */

/* Begin PBXTargetDependency section */
		F07FC9DB275F4CEC00CF9CDF /* PBXTargetDependency */ = {
			isa = PBXTargetDependency;
			target = F07FC9C8275F4CEA00CF9CDF /* ButtonStyle */;
			targetProxy = F07FC9DA275F4CEC00CF9CDF /* PBXContainerItemProxy */;
		};
		F07FC9E5275F4CEC00CF9CDF /* PBXTargetDependency */ = {
			isa = PBXTargetDependency;
			target = F07FC9C8275F4CEA00CF9CDF /* ButtonStyle */;
			targetProxy = F07FC9E4275F4CEC00CF9CDF /* PBXContainerItemProxy */;
		};
/* End PBXTargetDependency section */

/* Begin XCBuildConfiguration section */
		F07FC9EB275F4CEC00CF9CDF /* Debug */ = {
			isa = XCBuildConfiguration;
			buildSettings = {
				ALWAYS_SEARCH_USER_PATHS = NO;
				CLANG_ANALYZER_NONNULL = YES;
				CLANG_ANALYZER_NUMBER_OBJECT_CONVERSION = YES_AGGRESSIVE;
				CLANG_CXX_LANGUAGE_STANDARD = "gnu++17";
				CLANG_CXX_LIBRARY = "libc++";
				CLANG_ENABLE_MODULES = YES;
				CLANG_ENABLE_OBJC_ARC = YES;
				CLANG_ENABLE_OBJC_WEAK = YES;
				CLANG_WARN_BLOCK_CAPTURE_AUTORELEASING = YES;
				CLANG_WARN_BOOL_CONVERSION = YES;
				CLANG_WARN_COMMA = YES;
				CLANG_WARN_CONSTANT_CONVERSION = YES;
				CLANG_WARN_DEPRECATED_OBJC_IMPLEMENTATIONS = YES;
				CLANG_WARN_DIRECT_OBJC_ISA_USAGE = YES_ERROR;
				CLANG_WARN_DOCUMENTATION_COMMENTS = YES;
				CLANG_WARN_EMPTY_BODY = YES;
				CLANG_WARN_ENUM_CONVERSION = YES;
				CLANG_WARN_INFINITE_RECURSION = YES;
				CLANG_WARN_INT_CONVERSION = YES;
				CLANG_WARN_NON_LITERAL_NULL_CONVERSION = YES;
				CLANG_WARN_OBJC_IMPLICIT_RETAIN_SELF = YES;
				CLANG_WARN_OBJC_LITERAL_CONVERSION = YES;
				CLANG_WARN_OBJC_ROOT_CLASS = YES_ERROR;
				CLANG_WARN_QUOTED_INCLUDE_IN_FRAMEWORK_HEADER = YES;
				CLANG_WARN_RANGE_LOOP_ANALYSIS = YES;
				CLANG_WARN_STRICT_PROTOTYPES = YES;
				CLANG_WARN_SUSPICIOUS_MOVE = YES;
				CLANG_WARN_UNGUARDED_AVAILABILITY = YES_AGGRESSIVE;
				CLANG_WARN_UNREACHABLE_CODE = YES;
				CLANG_WARN__DUPLICATE_METHOD_MATCH = YES;
				COPY_PHASE_STRIP = NO;
				DEBUG_INFORMATION_FORMAT = dwarf;
				ENABLE_STRICT_OBJC_MSGSEND = YES;
				ENABLE_TESTABILITY = YES;
				GCC_C_LANGUAGE_STANDARD = gnu11;
				GCC_DYNAMIC_NO_PIC = NO;
				GCC_NO_COMMON_BLOCKS = YES;
				GCC_OPTIMIZATION_LEVEL = 0;
				GCC_PREPROCESSOR_DEFINITIONS = (
					"DEBUG=1",
					"$(inherited)",
				);
				GCC_WARN_64_TO_32_BIT_CONVERSION = YES;
				GCC_WARN_ABOUT_RETURN_TYPE = YES_ERROR;
				GCC_WARN_UNDECLARED_SELECTOR = YES;
				GCC_WARN_UNINITIALIZED_AUTOS = YES_AGGRESSIVE;
				GCC_WARN_UNUSED_FUNCTION = YES;
				GCC_WARN_UNUSED_VARIABLE = YES;
				IPHONEOS_DEPLOYMENT_TARGET = 15.0;
				MTL_ENABLE_DEBUG_INFO = INCLUDE_SOURCE;
				MTL_FAST_MATH = YES;
				ONLY_ACTIVE_ARCH = YES;
				SDKROOT = iphoneos;
				SWIFT_ACTIVE_COMPILATION_CONDITIONS = DEBUG;
				SWIFT_OPTIMIZATION_LEVEL = "-Onone";
			};
			name = Debug;
		};
		F07FC9EC275F4CEC00CF9CDF /* Release */ = {
			isa = XCBuildConfiguration;
			buildSettings = {
				ALWAYS_SEARCH_USER_PATHS = NO;
				CLANG_ANALYZER_NONNULL = YES;
				CLANG_ANALYZER_NUMBER_OBJECT_CONVERSION = YES_AGGRESSIVE;
				CLANG_CXX_LANGUAGE_STANDARD = "gnu++17";
				CLANG_CXX_LIBRARY = "libc++";
				CLANG_ENABLE_MODULES = YES;
				CLANG_ENABLE_OBJC_ARC = YES;
				CLANG_ENABLE_OBJC_WEAK = YES;
				CLANG_WARN_BLOCK_CAPTURE_AUTORELEASING = YES;
				CLANG_WARN_BOOL_CONVERSION = YES;
				CLANG_WARN_COMMA = YES;
				CLANG_WARN_CONSTANT_CONVERSION = YES;
				CLANG_WARN_DEPRECATED_OBJC_IMPLEMENTATIONS = YES;
				CLANG_WARN_DIRECT_OBJC_ISA_USAGE = YES_ERROR;
				CLANG_WARN_DOCUMENTATION_COMMENTS = YES;
				CLANG_WARN_EMPTY_BODY = YES;
				CLANG_WARN_ENUM_CONVERSION = YES;
				CLANG_WARN_INFINITE_RECURSION = YES;
				CLANG_WARN_INT_CONVERSION = YES;
				CLANG_WARN_NON_LITERAL_NULL_CONVERSION = YES;
				CLANG_WARN_OBJC_IMPLICIT_RETAIN_SELF = YES;
				CLANG_WARN_OBJC_LITERAL_CONVERSION = YES;
				CLANG_WARN_OBJC_ROOT_CLASS = YES_ERROR;
				CLANG_WARN_QUOTED_INCLUDE_IN_FRAMEWORK_HEADER = YES;
				CLANG_WARN_RANGE_LOOP_ANALYSIS = YES;
				CLANG_WARN_STRICT_PROTOTYPES = YES;
				CLANG_WARN_SUSPICIOUS_MOVE = YES;
				CLANG_WARN_UNGUARDED_AVAILABILITY = YES_AGGRESSIVE;
				CLANG_WARN_UNREACHABLE_CODE = YES;
				CLANG_WARN__DUPLICATE_METHOD_MATCH = YES;
				COPY_PHASE_STRIP = NO;
				DEBUG_INFORMATION_FORMAT = "dwarf-with-dsym";
				ENABLE_NS_ASSERTIONS = NO;
				ENABLE_STRICT_OBJC_MSGSEND = YES;
				GCC_C_LANGUAGE_STANDARD = gnu11;
				GCC_NO_COMMON_BLOCKS = YES;
				GCC_WARN_64_TO_32_BIT_CONVERSION = YES;
				GCC_WARN_ABOUT_RETURN_TYPE = YES_ERROR;
				GCC_WARN_UNDECLARED_SELECTOR = YES;
				GCC_WARN_UNINITIALIZED_AUTOS = YES_AGGRESSIVE;
				GCC_WARN_UNUSED_FUNCTION = YES;
				GCC_WARN_UNUSED_VARIABLE = YES;
				IPHONEOS_DEPLOYMENT_TARGET = 15.0;
				MTL_ENABLE_DEBUG_INFO = NO;
				MTL_FAST_MATH = YES;
				SDKROOT = iphoneos;
				SWIFT_COMPILATION_MODE = wholemodule;
				SWIFT_OPTIMIZATION_LEVEL = "-O";
				VALIDATE_PRODUCT = YES;
			};
			name = Release;
		};
		F07FC9EE275F4CEC00CF9CDF /* Debug */ = {
			isa = XCBuildConfiguration;
			buildSettings = {
				ASSETCATALOG_COMPILER_APPICON_NAME = AppIcon;
				ASSETCATALOG_COMPILER_GLOBAL_ACCENT_COLOR_NAME = AccentColor;
				CODE_SIGN_STYLE = Automatic;
				CURRENT_PROJECT_VERSION = 1;
				DEVELOPMENT_ASSET_PATHS = "\"ButtonStyle/Preview Content\"";
				DEVELOPMENT_TEAM = LZ887YG4E9;
				ENABLE_PREVIEWS = YES;
				GENERATE_INFOPLIST_FILE = YES;
				INFOPLIST_KEY_UIApplicationSceneManifest_Generation = YES;
				INFOPLIST_KEY_UIApplicationSupportsIndirectInputEvents = YES;
				INFOPLIST_KEY_UILaunchScreen_Generation = YES;
				INFOPLIST_KEY_UISupportedInterfaceOrientations_iPad = "UIInterfaceOrientationPortrait UIInterfaceOrientationPortraitUpsideDown UIInterfaceOrientationLandscapeLeft UIInterfaceOrientationLandscapeRight";
				INFOPLIST_KEY_UISupportedInterfaceOrientations_iPhone = "UIInterfaceOrientationPortrait UIInterfaceOrientationLandscapeLeft UIInterfaceOrientationLandscapeRight";
				LD_RUNPATH_SEARCH_PATHS = (
					"$(inherited)",
					"@executable_path/Frameworks",
				);
				MARKETING_VERSION = 1.0;
				PRODUCT_BUNDLE_IDENTIFIER = chuljin.ButtonStyle;
				PRODUCT_NAME = "$(TARGET_NAME)";
				SWIFT_EMIT_LOC_STRINGS = YES;
				SWIFT_VERSION = 5.0;
				TARGETED_DEVICE_FAMILY = "1,2";
			};
			name = Debug;
		};
		F07FC9EF275F4CEC00CF9CDF /* Release */ = {
			isa = XCBuildConfiguration;
			buildSettings = {
				ASSETCATALOG_COMPILER_APPICON_NAME = AppIcon;
				ASSETCATALOG_COMPILER_GLOBAL_ACCENT_COLOR_NAME = AccentColor;
				CODE_SIGN_STYLE = Automatic;
				CURRENT_PROJECT_VERSION = 1;
				DEVELOPMENT_ASSET_PATHS = "\"ButtonStyle/Preview Content\"";
				DEVELOPMENT_TEAM = LZ887YG4E9;
				ENABLE_PREVIEWS = YES;
				GENERATE_INFOPLIST_FILE = YES;
				INFOPLIST_KEY_UIApplicationSceneManifest_Generation = YES;
				INFOPLIST_KEY_UIApplicationSupportsIndirectInputEvents = YES;
				INFOPLIST_KEY_UILaunchScreen_Generation = YES;
				INFOPLIST_KEY_UISupportedInterfaceOrientations_iPad = "UIInterfaceOrientationPortrait UIInterfaceOrientationPortraitUpsideDown UIInterfaceOrientationLandscapeLeft UIInterfaceOrientationLandscapeRight";
				INFOPLIST_KEY_UISupportedInterfaceOrientations_iPhone = "UIInterfaceOrientationPortrait UIInterfaceOrientationLandscapeLeft UIInterfaceOrientationLandscapeRight";
				LD_RUNPATH_SEARCH_PATHS = (
					"$(inherited)",
					"@executable_path/Frameworks",
				);
				MARKETING_VERSION = 1.0;
				PRODUCT_BUNDLE_IDENTIFIER = chuljin.ButtonStyle;
				PRODUCT_NAME = "$(TARGET_NAME)";
				SWIFT_EMIT_LOC_STRINGS = YES;
				SWIFT_VERSION = 5.0;
				TARGETED_DEVICE_FAMILY = "1,2";
			};
			name = Release;
		};
		F07FC9F1275F4CEC00CF9CDF /* Debug */ = {
			isa = XCBuildConfiguration;
			buildSettings = {
				ALWAYS_EMBED_SWIFT_STANDARD_LIBRARIES = YES;
				BUNDLE_LOADER = "$(TEST_HOST)";
				CODE_SIGN_STYLE = Automatic;
				CURRENT_PROJECT_VERSION = 1;
				DEVELOPMENT_TEAM = LZ887YG4E9;
				GENERATE_INFOPLIST_FILE = YES;
				IPHONEOS_DEPLOYMENT_TARGET = 15.0;
				LD_RUNPATH_SEARCH_PATHS = (
					"$(inherited)",
					"@executable_path/Frameworks",
					"@loader_path/Frameworks",
				);
				MARKETING_VERSION = 1.0;
				PRODUCT_BUNDLE_IDENTIFIER = chuljin.ButtonStyleTests;
				PRODUCT_NAME = "$(TARGET_NAME)";
				SWIFT_EMIT_LOC_STRINGS = NO;
				SWIFT_VERSION = 5.0;
				TARGETED_DEVICE_FAMILY = "1,2";
				TEST_HOST = "$(BUILT_PRODUCTS_DIR)/ButtonStyle.app/ButtonStyle";
			};
			name = Debug;
		};
		F07FC9F2275F4CEC00CF9CDF /* Release */ = {
			isa = XCBuildConfiguration;
			buildSettings = {
				ALWAYS_EMBED_SWIFT_STANDARD_LIBRARIES = YES;
				BUNDLE_LOADER = "$(TEST_HOST)";
				CODE_SIGN_STYLE = Automatic;
				CURRENT_PROJECT_VERSION = 1;
				DEVELOPMENT_TEAM = LZ887YG4E9;
				GENERATE_INFOPLIST_FILE = YES;
				IPHONEOS_DEPLOYMENT_TARGET = 15.0;
				LD_RUNPATH_SEARCH_PATHS = (
					"$(inherited)",
					"@executable_path/Frameworks",
					"@loader_path/Frameworks",
				);
				MARKETING_VERSION = 1.0;
				PRODUCT_BUNDLE_IDENTIFIER = chuljin.ButtonStyleTests;
				PRODUCT_NAME = "$(TARGET_NAME)";
				SWIFT_EMIT_LOC_STRINGS = NO;
				SWIFT_VERSION = 5.0;
				TARGETED_DEVICE_FAMILY = "1,2";
				TEST_HOST = "$(BUILT_PRODUCTS_DIR)/ButtonStyle.app/ButtonStyle";
			};
			name = Release;
		};
		F07FC9F4275F4CEC00CF9CDF /* Debug */ = {
			isa = XCBuildConfiguration;
			buildSettings = {
				ALWAYS_EMBED_SWIFT_STANDARD_LIBRARIES = YES;
				CODE_SIGN_STYLE = Automatic;
				CURRENT_PROJECT_VERSION = 1;
				DEVELOPMENT_TEAM = LZ887YG4E9;
				GENERATE_INFOPLIST_FILE = YES;
				LD_RUNPATH_SEARCH_PATHS = (
					"$(inherited)",
					"@executable_path/Frameworks",
					"@loader_path/Frameworks",
				);
				MARKETING_VERSION = 1.0;
				PRODUCT_BUNDLE_IDENTIFIER = chuljin.ButtonStyleUITests;
				PRODUCT_NAME = "$(TARGET_NAME)";
				SWIFT_EMIT_LOC_STRINGS = NO;
				SWIFT_VERSION = 5.0;
				TARGETED_DEVICE_FAMILY = "1,2";
				TEST_TARGET_NAME = ButtonStyle;
			};
			name = Debug;
		};
		F07FC9F5275F4CEC00CF9CDF /* Release */ = {
			isa = XCBuildConfiguration;
			buildSettings = {
				ALWAYS_EMBED_SWIFT_STANDARD_LIBRARIES = YES;
				CODE_SIGN_STYLE = Automatic;
				CURRENT_PROJECT_VERSION = 1;
				DEVELOPMENT_TEAM = LZ887YG4E9;
				GENERATE_INFOPLIST_FILE = YES;
				LD_RUNPATH_SEARCH_PATHS = (
					"$(inherited)",
					"@executable_path/Frameworks",
					"@loader_path/Frameworks",
				);
				MARKETING_VERSION = 1.0;
				PRODUCT_BUNDLE_IDENTIFIER = chuljin.ButtonStyleUITests;
				PRODUCT_NAME = "$(TARGET_NAME)";
				SWIFT_EMIT_LOC_STRINGS = NO;
				SWIFT_VERSION = 5.0;
				TARGETED_DEVICE_FAMILY = "1,2";
				TEST_TARGET_NAME = ButtonStyle;
			};
			name = Release;
		};
/* End XCBuildConfiguration section */

/* Begin XCConfigurationList section */
		F07FC9C4275F4CEA00CF9CDF /* Build configuration list for PBXProject "ButtonStyle" */ = {
			isa = XCConfigurationList;
			buildConfigurations = (
				F07FC9EB275F4CEC00CF9CDF /* Debug */,
				F07FC9EC275F4CEC00CF9CDF /* Release */,
			);
			defaultConfigurationIsVisible = 0;
			defaultConfigurationName = Release;
		};
		F07FC9ED275F4CEC00CF9CDF /* Build configuration list for PBXNativeTarget "ButtonStyle" */ = {
			isa = XCConfigurationList;
			buildConfigurations = (
				F07FC9EE275F4CEC00CF9CDF /* Debug */,
				F07FC9EF275F4CEC00CF9CDF /* Release */,
			);
			defaultConfigurationIsVisible = 0;
			defaultConfigurationName = Release;
		};
		F07FC9F0275F4CEC00CF9CDF /* Build configuration list for PBXNativeTarget "ButtonStyleTests" */ = {
			isa = XCConfigurationList;
			buildConfigurations = (
				F07FC9F1275F4CEC00CF9CDF /* Debug */,
				F07FC9F2275F4CEC00CF9CDF /* Release */,
			);
			defaultConfigurationIsVisible = 0;
			defaultConfigurationName = Release;
		};
		F07FC9F3275F4CEC00CF9CDF /* Build configuration list for PBXNativeTarget "ButtonStyleUITests" */ = {
			isa = XCConfigurationList;
			buildConfigurations = (
				F07FC9F4275F4CEC00CF9CDF /* Debug */,
				F07FC9F5275F4CEC00CF9CDF /* Release */,
			);
			defaultConfigurationIsVisible = 0;
			defaultConfigurationName = Release;
		};
/* End XCConfigurationList section */
	};
	rootObject = F07FC9C1275F4CEA00CF9CDF /* Project object */;
}
