// !$*UTF8*$!
{
	archiveVersion = 1;
	classes = {
	};
	objectVersion = 55;
	objects = {

/* Begin PBXBuildFile section */
		F08A1C82275BAC1900F3DE1B /* Image_tutorialApp.swift in Sources */ = {isa = PBXBuildFile; fileRef = F08A1C81275BAC1900F3DE1B /* Image_tutorialApp.swift */; };
		F08A1C84275BAC1900F3DE1B /* ContentView.swift in Sources */ = {isa = PBXBuildFile; fileRef = F08A1C83275BAC1900F3DE1B /* ContentView.swift */; };
		F08A1C86275BAC1C00F3DE1B /* Assets.xcassets in Resources */ = {isa = PBXBuildFile; fileRef = F08A1C85275BAC1C00F3DE1B /* Assets.xcassets */; };
		F08A1C89275BAC1C00F3DE1B /* Preview Assets.xcassets in Resources */ = {isa = PBXBuildFile; fileRef = F08A1C88275BAC1C00F3DE1B /* Preview Assets.xcassets */; };
		F08A1C93275BAC1C00F3DE1B /* Image_tutorialTests.swift in Sources */ = {isa = PBXBuildFile; fileRef = F08A1C92275BAC1C00F3DE1B /* Image_tutorialTests.swift */; };
		F08A1C9D275BAC1C00F3DE1B /* Image_tutorialUITests.swift in Sources */ = {isa = PBXBuildFile; fileRef = F08A1C9C275BAC1C00F3DE1B /* Image_tutorialUITests.swift */; };
		F08A1C9F275BAC1C00F3DE1B /* Image_tutorialUITestsLaunchTests.swift in Sources */ = {isa = PBXBuildFile; fileRef = F08A1C9E275BAC1C00F3DE1B /* Image_tutorialUITestsLaunchTests.swift */; };
		F08A1CAC275BAC5300F3DE1B /* CircleimageView.swift in Sources */ = {isa = PBXBuildFile; fileRef = F08A1CAB275BAC5300F3DE1B /* CircleimageView.swift */; };
		F08A1CAE275BB14400F3DE1B /* Mywebview.swift in Sources */ = {isa = PBXBuildFile; fileRef = F08A1CAD275BB14400F3DE1B /* Mywebview.swift */; };
/* End PBXBuildFile section */

/* Begin PBXContainerItemProxy section */
		F08A1C8F275BAC1C00F3DE1B /* PBXContainerItemProxy */ = {
			isa = PBXContainerItemProxy;
			containerPortal = F08A1C76275BAC1900F3DE1B /* Project object */;
			proxyType = 1;
			remoteGlobalIDString = F08A1C7D275BAC1900F3DE1B;
			remoteInfo = Image_tutorial;
		};
		F08A1C99275BAC1C00F3DE1B /* PBXContainerItemProxy */ = {
			isa = PBXContainerItemProxy;
			containerPortal = F08A1C76275BAC1900F3DE1B /* Project object */;
			proxyType = 1;
			remoteGlobalIDString = F08A1C7D275BAC1900F3DE1B;
			remoteInfo = Image_tutorial;
		};
/* End PBXContainerItemProxy section */

/* Begin PBXFileReference section */
		F08A1C7E275BAC1900F3DE1B /* Image_tutorial.app */ = {isa = PBXFileReference; explicitFileType = wrapper.application; includeInIndex = 0; path = Image_tutorial.app; sourceTree = BUILT_PRODUCTS_DIR; };
		F08A1C81275BAC1900F3DE1B /* Image_tutorialApp.swift */ = {isa = PBXFileReference; lastKnownFileType = sourcecode.swift; path = Image_tutorialApp.swift; sourceTree = "<group>"; };
		F08A1C83275BAC1900F3DE1B /* ContentView.swift */ = {isa = PBXFileReference; lastKnownFileType = sourcecode.swift; path = ContentView.swift; sourceTree = "<group>"; };
		F08A1C85275BAC1C00F3DE1B /* Assets.xcassets */ = {isa = PBXFileReference; lastKnownFileType = folder.assetcatalog; path = Assets.xcassets; sourceTree = "<group>"; };
		F08A1C88275BAC1C00F3DE1B /* Preview Assets.xcassets */ = {isa = PBXFileReference; lastKnownFileType = folder.assetcatalog; path = "Preview Assets.xcassets"; sourceTree = "<group>"; };
		F08A1C8E275BAC1C00F3DE1B /* Image_tutorialTests.xctest */ = {isa = PBXFileReference; explicitFileType = wrapper.cfbundle; includeInIndex = 0; path = Image_tutorialTests.xctest; sourceTree = BUILT_PRODUCTS_DIR; };
		F08A1C92275BAC1C00F3DE1B /* Image_tutorialTests.swift */ = {isa = PBXFileReference; lastKnownFileType = sourcecode.swift; path = Image_tutorialTests.swift; sourceTree = "<group>"; };
		F08A1C98275BAC1C00F3DE1B /* Image_tutorialUITests.xctest */ = {isa = PBXFileReference; explicitFileType = wrapper.cfbundle; includeInIndex = 0; path = Image_tutorialUITests.xctest; sourceTree = BUILT_PRODUCTS_DIR; };
		F08A1C9C275BAC1C00F3DE1B /* Image_tutorialUITests.swift */ = {isa = PBXFileReference; lastKnownFileType = sourcecode.swift; path = Image_tutorialUITests.swift; sourceTree = "<group>"; };
		F08A1C9E275BAC1C00F3DE1B /* Image_tutorialUITestsLaunchTests.swift */ = {isa = PBXFileReference; lastKnownFileType = sourcecode.swift; path = Image_tutorialUITestsLaunchTests.swift; sourceTree = "<group>"; };
		F08A1CAB275BAC5300F3DE1B /* CircleimageView.swift */ = {isa = PBXFileReference; lastKnownFileType = sourcecode.swift; path = CircleimageView.swift; sourceTree = "<group>"; };
		F08A1CAD275BB14400F3DE1B /* Mywebview.swift */ = {isa = PBXFileReference; lastKnownFileType = sourcecode.swift; path = Mywebview.swift; sourceTree = "<group>"; };
		F08A1CAF275BB1F600F3DE1B /* Image-tutorial-Info.plist */ = {isa = PBXFileReference; lastKnownFileType = text.plist; path = "Image-tutorial-Info.plist"; sourceTree = SOURCE_ROOT; };
/* End PBXFileReference section */

/* Begin PBXFrameworksBuildPhase section */
		F08A1C7B275BAC1900F3DE1B /* Frameworks */ = {
			isa = PBXFrameworksBuildPhase;
			buildActionMask = 2147483647;
			files = (
			);
			runOnlyForDeploymentPostprocessing = 0;
		};
		F08A1C8B275BAC1C00F3DE1B /* Frameworks */ = {
			isa = PBXFrameworksBuildPhase;
			buildActionMask = 2147483647;
			files = (
			);
			runOnlyForDeploymentPostprocessing = 0;
		};
		F08A1C95275BAC1C00F3DE1B /* Frameworks */ = {
			isa = PBXFrameworksBuildPhase;
			buildActionMask = 2147483647;
			files = (
			);
			runOnlyForDeploymentPostprocessing = 0;
		};
/* End PBXFrameworksBuildPhase section */

/* Begin PBXGroup section */
		F08A1C75275BAC1900F3DE1B = {
			isa = PBXGroup;
			children = (
				F08A1C80275BAC1900F3DE1B /* Image_tutorial */,
				F08A1C91275BAC1C00F3DE1B /* Image_tutorialTests */,
				F08A1C9B275BAC1C00F3DE1B /* Image_tutorialUITests */,
				F08A1C7F275BAC1900F3DE1B /* Products */,
			);
			sourceTree = "<group>";
		};
		F08A1C7F275BAC1900F3DE1B /* Products */ = {
			isa = PBXGroup;
			children = (
				F08A1C7E275BAC1900F3DE1B /* Image_tutorial.app */,
				F08A1C8E275BAC1C00F3DE1B /* Image_tutorialTests.xctest */,
				F08A1C98275BAC1C00F3DE1B /* Image_tutorialUITests.xctest */,
			);
			name = Products;
			sourceTree = "<group>";
		};
		F08A1C80275BAC1900F3DE1B /* Image_tutorial */ = {
			isa = PBXGroup;
			children = (
				F08A1CAF275BB1F600F3DE1B /* Image-tutorial-Info.plist */,
				F08A1C81275BAC1900F3DE1B /* Image_tutorialApp.swift */,
				F08A1C83275BAC1900F3DE1B /* ContentView.swift */,
				F08A1C85275BAC1C00F3DE1B /* Assets.xcassets */,
				F08A1C87275BAC1C00F3DE1B /* Preview Content */,
				F08A1CAB275BAC5300F3DE1B /* CircleimageView.swift */,
				F08A1CAD275BB14400F3DE1B /* Mywebview.swift */,
			);
			path = Image_tutorial;
			sourceTree = "<group>";
		};
		F08A1C87275BAC1C00F3DE1B /* Preview Content */ = {
			isa = PBXGroup;
			children = (
				F08A1C88275BAC1C00F3DE1B /* Preview Assets.xcassets */,
			);
			path = "Preview Content";
			sourceTree = "<group>";
		};
		F08A1C91275BAC1C00F3DE1B /* Image_tutorialTests */ = {
			isa = PBXGroup;
			children = (
				F08A1C92275BAC1C00F3DE1B /* Image_tutorialTests.swift */,
			);
			path = Image_tutorialTests;
			sourceTree = "<group>";
		};
		F08A1C9B275BAC1C00F3DE1B /* Image_tutorialUITests */ = {
			isa = PBXGroup;
			children = (
				F08A1C9C275BAC1C00F3DE1B /* Image_tutorialUITests.swift */,
				F08A1C9E275BAC1C00F3DE1B /* Image_tutorialUITestsLaunchTests.swift */,
			);
			path = Image_tutorialUITests;
			sourceTree = "<group>";
		};
/* End PBXGroup section */

/* Begin PBXNativeTarget section */
		F08A1C7D275BAC1900F3DE1B /* Image_tutorial */ = {
			isa = PBXNativeTarget;
			buildConfigurationList = F08A1CA2275BAC1C00F3DE1B /* Build configuration list for PBXNativeTarget "Image_tutorial" */;
			buildPhases = (
				F08A1C7A275BAC1900F3DE1B /* Sources */,
				F08A1C7B275BAC1900F3DE1B /* Frameworks */,
				F08A1C7C275BAC1900F3DE1B /* Resources */,
			);
			buildRules = (
			);
			dependencies = (
			);
			name = Image_tutorial;
			productName = Image_tutorial;
			productReference = F08A1C7E275BAC1900F3DE1B /* Image_tutorial.app */;
			productType = "com.apple.product-type.application";
		};
		F08A1C8D275BAC1C00F3DE1B /* Image_tutorialTests */ = {
			isa = PBXNativeTarget;
			buildConfigurationList = F08A1CA5275BAC1C00F3DE1B /* Build configuration list for PBXNativeTarget "Image_tutorialTests" */;
			buildPhases = (
				F08A1C8A275BAC1C00F3DE1B /* Sources */,
				F08A1C8B275BAC1C00F3DE1B /* Frameworks */,
				F08A1C8C275BAC1C00F3DE1B /* Resources */,
			);
			buildRules = (
			);
			dependencies = (
				F08A1C90275BAC1C00F3DE1B /* PBXTargetDependency */,
			);
			name = Image_tutorialTests;
			productName = Image_tutorialTests;
			productReference = F08A1C8E275BAC1C00F3DE1B /* Image_tutorialTests.xctest */;
			productType = "com.apple.product-type.bundle.unit-test";
		};
		F08A1C97275BAC1C00F3DE1B /* Image_tutorialUITests */ = {
			isa = PBXNativeTarget;
			buildConfigurationList = F08A1CA8275BAC1C00F3DE1B /* Build configuration list for PBXNativeTarget "Image_tutorialUITests" */;
			buildPhases = (
				F08A1C94275BAC1C00F3DE1B /* Sources */,
				F08A1C95275BAC1C00F3DE1B /* Frameworks */,
				F08A1C96275BAC1C00F3DE1B /* Resources */,
			);
			buildRules = (
			);
			dependencies = (
				F08A1C9A275BAC1C00F3DE1B /* PBXTargetDependency */,
			);
			name = Image_tutorialUITests;
			productName = Image_tutorialUITests;
			productReference = F08A1C98275BAC1C00F3DE1B /* Image_tutorialUITests.xctest */;
			productType = "com.apple.product-type.bundle.ui-testing";
		};
/* End PBXNativeTarget section */

/* Begin PBXProject section */
		F08A1C76275BAC1900F3DE1B /* Project object */ = {
			isa = PBXProject;
			attributes = {
				BuildIndependentTargetsInParallel = 1;
				LastSwiftUpdateCheck = 1310;
				LastUpgradeCheck = 1310;
				TargetAttributes = {
					F08A1C7D275BAC1900F3DE1B = {
						CreatedOnToolsVersion = 13.1;
					};
					F08A1C8D275BAC1C00F3DE1B = {
						CreatedOnToolsVersion = 13.1;
						TestTargetID = F08A1C7D275BAC1900F3DE1B;
					};
					F08A1C97275BAC1C00F3DE1B = {
						CreatedOnToolsVersion = 13.1;
						TestTargetID = F08A1C7D275BAC1900F3DE1B;
					};
				};
			};
			buildConfigurationList = F08A1C79275BAC1900F3DE1B /* Build configuration list for PBXProject "Image_tutorial" */;
			compatibilityVersion = "Xcode 13.0";
			developmentRegion = en;
			hasScannedForEncodings = 0;
			knownRegions = (
				en,
				Base,
			);
			mainGroup = F08A1C75275BAC1900F3DE1B;
			productRefGroup = F08A1C7F275BAC1900F3DE1B /* Products */;
			projectDirPath = "";
			projectRoot = "";
			targets = (
				F08A1C7D275BAC1900F3DE1B /* Image_tutorial */,
				F08A1C8D275BAC1C00F3DE1B /* Image_tutorialTests */,
				F08A1C97275BAC1C00F3DE1B /* Image_tutorialUITests */,
			);
		};
/* End PBXProject section */

/* Begin PBXResourcesBuildPhase section */
		F08A1C7C275BAC1900F3DE1B /* Resources */ = {
			isa = PBXResourcesBuildPhase;
			buildActionMask = 2147483647;
			files = (
				F08A1C89275BAC1C00F3DE1B /* Preview Assets.xcassets in Resources */,
				F08A1C86275BAC1C00F3DE1B /* Assets.xcassets in Resources */,
			);
			runOnlyForDeploymentPostprocessing = 0;
		};
		F08A1C8C275BAC1C00F3DE1B /* Resources */ = {
			isa = PBXResourcesBuildPhase;
			buildActionMask = 2147483647;
			files = (
			);
			runOnlyForDeploymentPostprocessing = 0;
		};
		F08A1C96275BAC1C00F3DE1B /* Resources */ = {
			isa = PBXResourcesBuildPhase;
			buildActionMask = 2147483647;
			files = (
			);
			runOnlyForDeploymentPostprocessing = 0;
		};
/* End PBXResourcesBuildPhase section */

/* Begin PBXSourcesBuildPhase section */
		F08A1C7A275BAC1900F3DE1B /* Sources */ = {
			isa = PBXSourcesBuildPhase;
			buildActionMask = 2147483647;
			files = (
				F08A1C84275BAC1900F3DE1B /* ContentView.swift in Sources */,
				F08A1CAE275BB14400F3DE1B /* Mywebview.swift in Sources */,
				F08A1CAC275BAC5300F3DE1B /* CircleimageView.swift in Sources */,
				F08A1C82275BAC1900F3DE1B /* Image_tutorialApp.swift in Sources */,
			);
			runOnlyForDeploymentPostprocessing = 0;
		};
		F08A1C8A275BAC1C00F3DE1B /* Sources */ = {
			isa = PBXSourcesBuildPhase;
			buildActionMask = 2147483647;
			files = (
				F08A1C93275BAC1C00F3DE1B /* Image_tutorialTests.swift in Sources */,
			);
			runOnlyForDeploymentPostprocessing = 0;
		};
		F08A1C94275BAC1C00F3DE1B /* Sources */ = {
			isa = PBXSourcesBuildPhase;
			buildActionMask = 2147483647;
			files = (
				F08A1C9F275BAC1C00F3DE1B /* Image_tutorialUITestsLaunchTests.swift in Sources */,
				F08A1C9D275BAC1C00F3DE1B /* Image_tutorialUITests.swift in Sources */,
			);
			runOnlyForDeploymentPostprocessing = 0;
		};
/* End PBXSourcesBuildPhase section */

/* Begin PBXTargetDependency section */
		F08A1C90275BAC1C00F3DE1B /* PBXTargetDependency */ = {
			isa = PBXTargetDependency;
			target = F08A1C7D275BAC1900F3DE1B /* Image_tutorial */;
			targetProxy = F08A1C8F275BAC1C00F3DE1B /* PBXContainerItemProxy */;
		};
		F08A1C9A275BAC1C00F3DE1B /* PBXTargetDependency */ = {
			isa = PBXTargetDependency;
			target = F08A1C7D275BAC1900F3DE1B /* Image_tutorial */;
			targetProxy = F08A1C99275BAC1C00F3DE1B /* PBXContainerItemProxy */;
		};
/* End PBXTargetDependency section */

/* Begin XCBuildConfiguration section */
		F08A1CA0275BAC1C00F3DE1B /* Debug */ = {
			isa = XCBuildConfiguration;
			buildSettings = {
				ALWAYS_SEARCH_USER_PATHS = NO;
				CLANG_ANALYZER_NONNULL = YES;
				CLANG_ANALYZER_NUMBER_OBJECT_CONVERSION = YES_AGGRESSIVE;
				CLANG_CXX_LANGUAGE_STANDARD = "gnu++17";
				CLANG_CXX_LIBRARY = "libc++";
				CLANG_ENABLE_MODULES = YES;
				CLANG_ENABLE_OBJC_ARC = YES;
				CLANG_ENABLE_OBJC_WEAK = YES;
				CLANG_WARN_BLOCK_CAPTURE_AUTORELEASING = YES;
				CLANG_WARN_BOOL_CONVERSION = YES;
				CLANG_WARN_COMMA = YES;
				CLANG_WARN_CONSTANT_CONVERSION = YES;
				CLANG_WARN_DEPRECATED_OBJC_IMPLEMENTATIONS = YES;
				CLANG_WARN_DIRECT_OBJC_ISA_USAGE = YES_ERROR;
				CLANG_WARN_DOCUMENTATION_COMMENTS = YES;
				CLANG_WARN_EMPTY_BODY = YES;
				CLANG_WARN_ENUM_CONVERSION = YES;
				CLANG_WARN_INFINITE_RECURSION = YES;
				CLANG_WARN_INT_CONVERSION = YES;
				CLANG_WARN_NON_LITERAL_NULL_CONVERSION = YES;
				CLANG_WARN_OBJC_IMPLICIT_RETAIN_SELF = YES;
				CLANG_WARN_OBJC_LITERAL_CONVERSION = YES;
				CLANG_WARN_OBJC_ROOT_CLASS = YES_ERROR;
				CLANG_WARN_QUOTED_INCLUDE_IN_FRAMEWORK_HEADER = YES;
				CLANG_WARN_RANGE_LOOP_ANALYSIS = YES;
				CLANG_WARN_STRICT_PROTOTYPES = YES;
				CLANG_WARN_SUSPICIOUS_MOVE = YES;
				CLANG_WARN_UNGUARDED_AVAILABILITY = YES_AGGRESSIVE;
				CLANG_WARN_UNREACHABLE_CODE = YES;
				CLANG_WARN__DUPLICATE_METHOD_MATCH = YES;
				COPY_PHASE_STRIP = NO;
				DEBUG_INFORMATION_FORMAT = dwarf;
				ENABLE_STRICT_OBJC_MSGSEND = YES;
				ENABLE_TESTABILITY = YES;
				GCC_C_LANGUAGE_STANDARD = gnu11;
				GCC_DYNAMIC_NO_PIC = NO;
				GCC_NO_COMMON_BLOCKS = YES;
				GCC_OPTIMIZATION_LEVEL = 0;
				GCC_PREPROCESSOR_DEFINITIONS = (
					"DEBUG=1",
					"$(inherited)",
				);
				GCC_WARN_64_TO_32_BIT_CONVERSION = YES;
				GCC_WARN_ABOUT_RETURN_TYPE = YES_ERROR;
				GCC_WARN_UNDECLARED_SELECTOR = YES;
				GCC_WARN_UNINITIALIZED_AUTOS = YES_AGGRESSIVE;
				GCC_WARN_UNUSED_FUNCTION = YES;
				GCC_WARN_UNUSED_VARIABLE = YES;
				IPHONEOS_DEPLOYMENT_TARGET = 15.0;
				MTL_ENABLE_DEBUG_INFO = INCLUDE_SOURCE;
				MTL_FAST_MATH = YES;
				ONLY_ACTIVE_ARCH = YES;
				SDKROOT = iphoneos;
				SWIFT_ACTIVE_COMPILATION_CONDITIONS = DEBUG;
				SWIFT_OPTIMIZATION_LEVEL = "-Onone";
			};
			name = Debug;
		};
		F08A1CA1275BAC1C00F3DE1B /* Release */ = {
			isa = XCBuildConfiguration;
			buildSettings = {
				ALWAYS_SEARCH_USER_PATHS = NO;
				CLANG_ANALYZER_NONNULL = YES;
				CLANG_ANALYZER_NUMBER_OBJECT_CONVERSION = YES_AGGRESSIVE;
				CLANG_CXX_LANGUAGE_STANDARD = "gnu++17";
				CLANG_CXX_LIBRARY = "libc++";
				CLANG_ENABLE_MODULES = YES;
				CLANG_ENABLE_OBJC_ARC = YES;
				CLANG_ENABLE_OBJC_WEAK = YES;
				CLANG_WARN_BLOCK_CAPTURE_AUTORELEASING = YES;
				CLANG_WARN_BOOL_CONVERSION = YES;
				CLANG_WARN_COMMA = YES;
				CLANG_WARN_CONSTANT_CONVERSION = YES;
				CLANG_WARN_DEPRECATED_OBJC_IMPLEMENTATIONS = YES;
				CLANG_WARN_DIRECT_OBJC_ISA_USAGE = YES_ERROR;
				CLANG_WARN_DOCUMENTATION_COMMENTS = YES;
				CLANG_WARN_EMPTY_BODY = YES;
				CLANG_WARN_ENUM_CONVERSION = YES;
				CLANG_WARN_INFINITE_RECURSION = YES;
				CLANG_WARN_INT_CONVERSION = YES;
				CLANG_WARN_NON_LITERAL_NULL_CONVERSION = YES;
				CLANG_WARN_OBJC_IMPLICIT_RETAIN_SELF = YES;
				CLANG_WARN_OBJC_LITERAL_CONVERSION = YES;
				CLANG_WARN_OBJC_ROOT_CLASS = YES_ERROR;
				CLANG_WARN_QUOTED_INCLUDE_IN_FRAMEWORK_HEADER = YES;
				CLANG_WARN_RANGE_LOOP_ANALYSIS = YES;
				CLANG_WARN_STRICT_PROTOTYPES = YES;
				CLANG_WARN_SUSPICIOUS_MOVE = YES;
				CLANG_WARN_UNGUARDED_AVAILABILITY = YES_AGGRESSIVE;
				CLANG_WARN_UNREACHABLE_CODE = YES;
				CLANG_WARN__DUPLICATE_METHOD_MATCH = YES;
				COPY_PHASE_STRIP = NO;
				DEBUG_INFORMATION_FORMAT = "dwarf-with-dsym";
				ENABLE_NS_ASSERTIONS = NO;
				ENABLE_STRICT_OBJC_MSGSEND = YES;
				GCC_C_LANGUAGE_STANDARD = gnu11;
				GCC_NO_COMMON_BLOCKS = YES;
				GCC_WARN_64_TO_32_BIT_CONVERSION = YES;
				GCC_WARN_ABOUT_RETURN_TYPE = YES_ERROR;
				GCC_WARN_UNDECLARED_SELECTOR = YES;
				GCC_WARN_UNINITIALIZED_AUTOS = YES_AGGRESSIVE;
				GCC_WARN_UNUSED_FUNCTION = YES;
				GCC_WARN_UNUSED_VARIABLE = YES;
				IPHONEOS_DEPLOYMENT_TARGET = 15.0;
				MTL_ENABLE_DEBUG_INFO = NO;
				MTL_FAST_MATH = YES;
				SDKROOT = iphoneos;
				SWIFT_COMPILATION_MODE = wholemodule;
				SWIFT_OPTIMIZATION_LEVEL = "-O";
				VALIDATE_PRODUCT = YES;
			};
			name = Release;
		};
		F08A1CA3275BAC1C00F3DE1B /* Debug */ = {
			isa = XCBuildConfiguration;
			buildSettings = {
				ASSETCATALOG_COMPILER_APPICON_NAME = AppIcon;
				ASSETCATALOG_COMPILER_GLOBAL_ACCENT_COLOR_NAME = AccentColor;
				CODE_SIGN_STYLE = Automatic;
				CURRENT_PROJECT_VERSION = 1;
				DEVELOPMENT_ASSET_PATHS = "\"Image_tutorial/Preview Content\"";
				DEVELOPMENT_TEAM = LZ887YG4E9;
				ENABLE_PREVIEWS = YES;
				GENERATE_INFOPLIST_FILE = YES;
				INFOPLIST_FILE = "Image-tutorial-Info.plist";
				INFOPLIST_KEY_UIApplicationSceneManifest_Generation = YES;
				INFOPLIST_KEY_UIApplicationSupportsIndirectInputEvents = YES;
				INFOPLIST_KEY_UILaunchScreen_Generation = YES;
				INFOPLIST_KEY_UISupportedInterfaceOrientations_iPad = "UIInterfaceOrientationPortrait UIInterfaceOrientationPortraitUpsideDown UIInterfaceOrientationLandscapeLeft UIInterfaceOrientationLandscapeRight";
				INFOPLIST_KEY_UISupportedInterfaceOrientations_iPhone = "UIInterfaceOrientationPortrait UIInterfaceOrientationLandscapeLeft UIInterfaceOrientationLandscapeRight";
				LD_RUNPATH_SEARCH_PATHS = (
					"$(inherited)",
					"@executable_path/Frameworks",
				);
				MARKETING_VERSION = 1.0;
				PRODUCT_BUNDLE_IDENTIFIER = "chuljin.Image-tutorial";
				PRODUCT_NAME = "$(TARGET_NAME)";
				SWIFT_EMIT_LOC_STRINGS = YES;
				SWIFT_VERSION = 5.0;
				TARGETED_DEVICE_FAMILY = "1,2";
			};
			name = Debug;
		};
		F08A1CA4275BAC1C00F3DE1B /* Release */ = {
			isa = XCBuildConfiguration;
			buildSettings = {
				ASSETCATALOG_COMPILER_APPICON_NAME = AppIcon;
				ASSETCATALOG_COMPILER_GLOBAL_ACCENT_COLOR_NAME = AccentColor;
				CODE_SIGN_STYLE = Automatic;
				CURRENT_PROJECT_VERSION = 1;
				DEVELOPMENT_ASSET_PATHS = "\"Image_tutorial/Preview Content\"";
				DEVELOPMENT_TEAM = LZ887YG4E9;
				ENABLE_PREVIEWS = YES;
				GENERATE_INFOPLIST_FILE = YES;
				INFOPLIST_FILE = "Image-tutorial-Info.plist";
				INFOPLIST_KEY_UIApplicationSceneManifest_Generation = YES;
				INFOPLIST_KEY_UIApplicationSupportsIndirectInputEvents = YES;
				INFOPLIST_KEY_UILaunchScreen_Generation = YES;
				INFOPLIST_KEY_UISupportedInterfaceOrientations_iPad = "UIInterfaceOrientationPortrait UIInterfaceOrientationPortraitUpsideDown UIInterfaceOrientationLandscapeLeft UIInterfaceOrientationLandscapeRight";
				INFOPLIST_KEY_UISupportedInterfaceOrientations_iPhone = "UIInterfaceOrientationPortrait UIInterfaceOrientationLandscapeLeft UIInterfaceOrientationLandscapeRight";
				LD_RUNPATH_SEARCH_PATHS = (
					"$(inherited)",
					"@executable_path/Frameworks",
				);
				MARKETING_VERSION = 1.0;
				PRODUCT_BUNDLE_IDENTIFIER = "chuljin.Image-tutorial";
				PRODUCT_NAME = "$(TARGET_NAME)";
				SWIFT_EMIT_LOC_STRINGS = YES;
				SWIFT_VERSION = 5.0;
				TARGETED_DEVICE_FAMILY = "1,2";
			};
			name = Release;
		};
		F08A1CA6275BAC1C00F3DE1B /* Debug */ = {
			isa = XCBuildConfiguration;
			buildSettings = {
				ALWAYS_EMBED_SWIFT_STANDARD_LIBRARIES = YES;
				BUNDLE_LOADER = "$(TEST_HOST)";
				CODE_SIGN_STYLE = Automatic;
				CURRENT_PROJECT_VERSION = 1;
				DEVELOPMENT_TEAM = LZ887YG4E9;
				GENERATE_INFOPLIST_FILE = YES;
				IPHONEOS_DEPLOYMENT_TARGET = 15.0;
				LD_RUNPATH_SEARCH_PATHS = (
					"$(inherited)",
					"@executable_path/Frameworks",
					"@loader_path/Frameworks",
				);
				MARKETING_VERSION = 1.0;
				PRODUCT_BUNDLE_IDENTIFIER = "chuljin.Image-tutorialTests";
				PRODUCT_NAME = "$(TARGET_NAME)";
				SWIFT_EMIT_LOC_STRINGS = NO;
				SWIFT_VERSION = 5.0;
				TARGETED_DEVICE_FAMILY = "1,2";
				TEST_HOST = "$(BUILT_PRODUCTS_DIR)/Image_tutorial.app/Image_tutorial";
			};
			name = Debug;
		};
		F08A1CA7275BAC1C00F3DE1B /* Release */ = {
			isa = XCBuildConfiguration;
			buildSettings = {
				ALWAYS_EMBED_SWIFT_STANDARD_LIBRARIES = YES;
				BUNDLE_LOADER = "$(TEST_HOST)";
				CODE_SIGN_STYLE = Automatic;
				CURRENT_PROJECT_VERSION = 1;
				DEVELOPMENT_TEAM = LZ887YG4E9;
				GENERATE_INFOPLIST_FILE = YES;
				IPHONEOS_DEPLOYMENT_TARGET = 15.0;
				LD_RUNPATH_SEARCH_PATHS = (
					"$(inherited)",
					"@executable_path/Frameworks",
					"@loader_path/Frameworks",
				);
				MARKETING_VERSION = 1.0;
				PRODUCT_BUNDLE_IDENTIFIER = "chuljin.Image-tutorialTests";
				PRODUCT_NAME = "$(TARGET_NAME)";
				SWIFT_EMIT_LOC_STRINGS = NO;
				SWIFT_VERSION = 5.0;
				TARGETED_DEVICE_FAMILY = "1,2";
				TEST_HOST = "$(BUILT_PRODUCTS_DIR)/Image_tutorial.app/Image_tutorial";
			};
			name = Release;
		};
		F08A1CA9275BAC1C00F3DE1B /* Debug */ = {
			isa = XCBuildConfiguration;
			buildSettings = {
				ALWAYS_EMBED_SWIFT_STANDARD_LIBRARIES = YES;
				CODE_SIGN_STYLE = Automatic;
				CURRENT_PROJECT_VERSION = 1;
				DEVELOPMENT_TEAM = LZ887YG4E9;
				GENERATE_INFOPLIST_FILE = YES;
				LD_RUNPATH_SEARCH_PATHS = (
					"$(inherited)",
					"@executable_path/Frameworks",
					"@loader_path/Frameworks",
				);
				MARKETING_VERSION = 1.0;
				PRODUCT_BUNDLE_IDENTIFIER = "chuljin.Image-tutorialUITests";
				PRODUCT_NAME = "$(TARGET_NAME)";
				SWIFT_EMIT_LOC_STRINGS = NO;
				SWIFT_VERSION = 5.0;
				TARGETED_DEVICE_FAMILY = "1,2";
				TEST_TARGET_NAME = Image_tutorial;
			};
			name = Debug;
		};
		F08A1CAA275BAC1C00F3DE1B /* Release */ = {
			isa = XCBuildConfiguration;
			buildSettings = {
				ALWAYS_EMBED_SWIFT_STANDARD_LIBRARIES = YES;
				CODE_SIGN_STYLE = Automatic;
				CURRENT_PROJECT_VERSION = 1;
				DEVELOPMENT_TEAM = LZ887YG4E9;
				GENERATE_INFOPLIST_FILE = YES;
				LD_RUNPATH_SEARCH_PATHS = (
					"$(inherited)",
					"@executable_path/Frameworks",
					"@loader_path/Frameworks",
				);
				MARKETING_VERSION = 1.0;
				PRODUCT_BUNDLE_IDENTIFIER = "chuljin.Image-tutorialUITests";
				PRODUCT_NAME = "$(TARGET_NAME)";
				SWIFT_EMIT_LOC_STRINGS = NO;
				SWIFT_VERSION = 5.0;
				TARGETED_DEVICE_FAMILY = "1,2";
				TEST_TARGET_NAME = Image_tutorial;
			};
			name = Release;
		};
/* End XCBuildConfiguration section */

/* Begin XCConfigurationList section */
		F08A1C79275BAC1900F3DE1B /* Build configuration list for PBXProject "Image_tutorial" */ = {
			isa = XCConfigurationList;
			buildConfigurations = (
				F08A1CA0275BAC1C00F3DE1B /* Debug */,
				F08A1CA1275BAC1C00F3DE1B /* Release */,
			);
			defaultConfigurationIsVisible = 0;
			defaultConfigurationName = Release;
		};
		F08A1CA2275BAC1C00F3DE1B /* Build configuration list for PBXNativeTarget "Image_tutorial" */ = {
			isa = XCConfigurationList;
			buildConfigurations = (
				F08A1CA3275BAC1C00F3DE1B /* Debug */,
				F08A1CA4275BAC1C00F3DE1B /* Release */,
			);
			defaultConfigurationIsVisible = 0;
			defaultConfigurationName = Release;
		};
		F08A1CA5275BAC1C00F3DE1B /* Build configuration list for PBXNativeTarget "Image_tutorialTests" */ = {
			isa = XCConfigurationList;
			buildConfigurations = (
				F08A1CA6275BAC1C00F3DE1B /* Debug */,
				F08A1CA7275BAC1C00F3DE1B /* Release */,
			);
			defaultConfigurationIsVisible = 0;
			defaultConfigurationName = Release;
		};
		F08A1CA8275BAC1C00F3DE1B /* Build configuration list for PBXNativeTarget "Image_tutorialUITests" */ = {
			isa = XCConfigurationList;
			buildConfigurations = (
				F08A1CA9275BAC1C00F3DE1B /* Debug */,
				F08A1CAA275BAC1C00F3DE1B /* Release */,
			);
			defaultConfigurationIsVisible = 0;
			defaultConfigurationName = Release;
		};
/* End XCConfigurationList section */
	};
	rootObject = F08A1C76275BAC1900F3DE1B /* Project object */;
}
