// !$*UTF8*$!
{
	archiveVersion = 1;
	classes = {
	};
	objectVersion = 55;
	objects = {

/* Begin PBXBuildFile section */
		F07FC8A3275DC0E800CF9CDF /* MygeometryViewApp.swift in Sources */ = {isa = PBXBuildFile; fileRef = F07FC8A2275DC0E800CF9CDF /* MygeometryViewApp.swift */; };
		F07FC8A5275DC0E800CF9CDF /* ContentView.swift in Sources */ = {isa = PBXBuildFile; fileRef = F07FC8A4275DC0E800CF9CDF /* ContentView.swift */; };
		F07FC8A7275DC0EA00CF9CDF /* Assets.xcassets in Resources */ = {isa = PBXBuildFile; fileRef = F07FC8A6275DC0EA00CF9CDF /* Assets.xcassets */; };
		F07FC8AA275DC0EA00CF9CDF /* Preview Assets.xcassets in Resources */ = {isa = PBXBuildFile; fileRef = F07FC8A9275DC0EA00CF9CDF /* Preview Assets.xcassets */; };
		F07FC8B4275DC0EA00CF9CDF /* MygeometryViewTests.swift in Sources */ = {isa = PBXBuildFile; fileRef = F07FC8B3275DC0EA00CF9CDF /* MygeometryViewTests.swift */; };
		F07FC8BE275DC0EA00CF9CDF /* MygeometryViewUITests.swift in Sources */ = {isa = PBXBuildFile; fileRef = F07FC8BD275DC0EA00CF9CDF /* MygeometryViewUITests.swift */; };
		F07FC8C0275DC0EA00CF9CDF /* MygeometryViewUITestsLaunchTests.swift in Sources */ = {isa = PBXBuildFile; fileRef = F07FC8BF275DC0EA00CF9CDF /* MygeometryViewUITestsLaunchTests.swift */; };
		F07FC8CD275DC25B00CF9CDF /* MygeometryVstack.swift in Sources */ = {isa = PBXBuildFile; fileRef = F07FC8CC275DC25B00CF9CDF /* MygeometryVstack.swift */; };
/* End PBXBuildFile section */

/* Begin PBXContainerItemProxy section */
		F07FC8B0275DC0EA00CF9CDF /* PBXContainerItemProxy */ = {
			isa = PBXContainerItemProxy;
			containerPortal = F07FC897275DC0E800CF9CDF /* Project object */;
			proxyType = 1;
			remoteGlobalIDString = F07FC89E275DC0E800CF9CDF;
			remoteInfo = MygeometryView;
		};
		F07FC8BA275DC0EA00CF9CDF /* PBXContainerItemProxy */ = {
			isa = PBXContainerItemProxy;
			containerPortal = F07FC897275DC0E800CF9CDF /* Project object */;
			proxyType = 1;
			remoteGlobalIDString = F07FC89E275DC0E800CF9CDF;
			remoteInfo = MygeometryView;
		};
/* End PBXContainerItemProxy section */

/* Begin PBXFileReference section */
		F07FC89F275DC0E800CF9CDF /* MygeometryView.app */ = {isa = PBXFileReference; explicitFileType = wrapper.application; includeInIndex = 0; path = MygeometryView.app; sourceTree = BUILT_PRODUCTS_DIR; };
		F07FC8A2275DC0E800CF9CDF /* MygeometryViewApp.swift */ = {isa = PBXFileReference; lastKnownFileType = sourcecode.swift; path = MygeometryViewApp.swift; sourceTree = "<group>"; };
		F07FC8A4275DC0E800CF9CDF /* ContentView.swift */ = {isa = PBXFileReference; lastKnownFileType = sourcecode.swift; path = ContentView.swift; sourceTree = "<group>"; };
		F07FC8A6275DC0EA00CF9CDF /* Assets.xcassets */ = {isa = PBXFileReference; lastKnownFileType = folder.assetcatalog; path = Assets.xcassets; sourceTree = "<group>"; };
		F07FC8A9275DC0EA00CF9CDF /* Preview Assets.xcassets */ = {isa = PBXFileReference; lastKnownFileType = folder.assetcatalog; path = "Preview Assets.xcassets"; sourceTree = "<group>"; };
		F07FC8AF275DC0EA00CF9CDF /* MygeometryViewTests.xctest */ = {isa = PBXFileReference; explicitFileType = wrapper.cfbundle; includeInIndex = 0; path = MygeometryViewTests.xctest; sourceTree = BUILT_PRODUCTS_DIR; };
		F07FC8B3275DC0EA00CF9CDF /* MygeometryViewTests.swift */ = {isa = PBXFileReference; lastKnownFileType = sourcecode.swift; path = MygeometryViewTests.swift; sourceTree = "<group>"; };
		F07FC8B9275DC0EA00CF9CDF /* MygeometryViewUITests.xctest */ = {isa = PBXFileReference; explicitFileType = wrapper.cfbundle; includeInIndex = 0; path = MygeometryViewUITests.xctest; sourceTree = BUILT_PRODUCTS_DIR; };
		F07FC8BD275DC0EA00CF9CDF /* MygeometryViewUITests.swift */ = {isa = PBXFileReference; lastKnownFileType = sourcecode.swift; path = MygeometryViewUITests.swift; sourceTree = "<group>"; };
		F07FC8BF275DC0EA00CF9CDF /* MygeometryViewUITestsLaunchTests.swift */ = {isa = PBXFileReference; lastKnownFileType = sourcecode.swift; path = MygeometryViewUITestsLaunchTests.swift; sourceTree = "<group>"; };
		F07FC8CC275DC25B00CF9CDF /* MygeometryVstack.swift */ = {isa = PBXFileReference; lastKnownFileType = sourcecode.swift; path = MygeometryVstack.swift; sourceTree = "<group>"; };
/* End PBXFileReference section */

/* Begin PBXFrameworksBuildPhase section */
		F07FC89C275DC0E800CF9CDF /* Frameworks */ = {
			isa = PBXFrameworksBuildPhase;
			buildActionMask = 2147483647;
			files = (
			);
			runOnlyForDeploymentPostprocessing = 0;
		};
		F07FC8AC275DC0EA00CF9CDF /* Frameworks */ = {
			isa = PBXFrameworksBuildPhase;
			buildActionMask = 2147483647;
			files = (
			);
			runOnlyForDeploymentPostprocessing = 0;
		};
		F07FC8B6275DC0EA00CF9CDF /* Frameworks */ = {
			isa = PBXFrameworksBuildPhase;
			buildActionMask = 2147483647;
			files = (
			);
			runOnlyForDeploymentPostprocessing = 0;
		};
/* End PBXFrameworksBuildPhase section */

/* Begin PBXGroup section */
		F07FC896275DC0E800CF9CDF = {
			isa = PBXGroup;
			children = (
				F07FC8A1275DC0E800CF9CDF /* MygeometryView */,
				F07FC8B2275DC0EA00CF9CDF /* MygeometryViewTests */,
				F07FC8BC275DC0EA00CF9CDF /* MygeometryViewUITests */,
				F07FC8A0275DC0E800CF9CDF /* Products */,
			);
			sourceTree = "<group>";
		};
		F07FC8A0275DC0E800CF9CDF /* Products */ = {
			isa = PBXGroup;
			children = (
				F07FC89F275DC0E800CF9CDF /* MygeometryView.app */,
				F07FC8AF275DC0EA00CF9CDF /* MygeometryViewTests.xctest */,
				F07FC8B9275DC0EA00CF9CDF /* MygeometryViewUITests.xctest */,
			);
			name = Products;
			sourceTree = "<group>";
		};
		F07FC8A1275DC0E800CF9CDF /* MygeometryView */ = {
			isa = PBXGroup;
			children = (
				F07FC8A2275DC0E800CF9CDF /* MygeometryViewApp.swift */,
				F07FC8A4275DC0E800CF9CDF /* ContentView.swift */,
				F07FC8CC275DC25B00CF9CDF /* MygeometryVstack.swift */,
				F07FC8A6275DC0EA00CF9CDF /* Assets.xcassets */,
				F07FC8A8275DC0EA00CF9CDF /* Preview Content */,
			);
			path = MygeometryView;
			sourceTree = "<group>";
		};
		F07FC8A8275DC0EA00CF9CDF /* Preview Content */ = {
			isa = PBXGroup;
			children = (
				F07FC8A9275DC0EA00CF9CDF /* Preview Assets.xcassets */,
			);
			path = "Preview Content";
			sourceTree = "<group>";
		};
		F07FC8B2275DC0EA00CF9CDF /* MygeometryViewTests */ = {
			isa = PBXGroup;
			children = (
				F07FC8B3275DC0EA00CF9CDF /* MygeometryViewTests.swift */,
			);
			path = MygeometryViewTests;
			sourceTree = "<group>";
		};
		F07FC8BC275DC0EA00CF9CDF /* MygeometryViewUITests */ = {
			isa = PBXGroup;
			children = (
				F07FC8BD275DC0EA00CF9CDF /* MygeometryViewUITests.swift */,
				F07FC8BF275DC0EA00CF9CDF /* MygeometryViewUITestsLaunchTests.swift */,
			);
			path = MygeometryViewUITests;
			sourceTree = "<group>";
		};
/* End PBXGroup section */

/* Begin PBXNativeTarget section */
		F07FC89E275DC0E800CF9CDF /* MygeometryView */ = {
			isa = PBXNativeTarget;
			buildConfigurationList = F07FC8C3275DC0EB00CF9CDF /* Build configuration list for PBXNativeTarget "MygeometryView" */;
			buildPhases = (
				F07FC89B275DC0E800CF9CDF /* Sources */,
				F07FC89C275DC0E800CF9CDF /* Frameworks */,
				F07FC89D275DC0E800CF9CDF /* Resources */,
			);
			buildRules = (
			);
			dependencies = (
			);
			name = MygeometryView;
			productName = MygeometryView;
			productReference = F07FC89F275DC0E800CF9CDF /* MygeometryView.app */;
			productType = "com.apple.product-type.application";
		};
		F07FC8AE275DC0EA00CF9CDF /* MygeometryViewTests */ = {
			isa = PBXNativeTarget;
			buildConfigurationList = F07FC8C6275DC0EB00CF9CDF /* Build configuration list for PBXNativeTarget "MygeometryViewTests" */;
			buildPhases = (
				F07FC8AB275DC0EA00CF9CDF /* Sources */,
				F07FC8AC275DC0EA00CF9CDF /* Frameworks */,
				F07FC8AD275DC0EA00CF9CDF /* Resources */,
			);
			buildRules = (
			);
			dependencies = (
				F07FC8B1275DC0EA00CF9CDF /* PBXTargetDependency */,
			);
			name = MygeometryViewTests;
			productName = MygeometryViewTests;
			productReference = F07FC8AF275DC0EA00CF9CDF /* MygeometryViewTests.xctest */;
			productType = "com.apple.product-type.bundle.unit-test";
		};
		F07FC8B8275DC0EA00CF9CDF /* MygeometryViewUITests */ = {
			isa = PBXNativeTarget;
			buildConfigurationList = F07FC8C9275DC0EB00CF9CDF /* Build configuration list for PBXNativeTarget "MygeometryViewUITests" */;
			buildPhases = (
				F07FC8B5275DC0EA00CF9CDF /* Sources */,
				F07FC8B6275DC0EA00CF9CDF /* Frameworks */,
				F07FC8B7275DC0EA00CF9CDF /* Resources */,
			);
			buildRules = (
			);
			dependencies = (
				F07FC8BB275DC0EA00CF9CDF /* PBXTargetDependency */,
			);
			name = MygeometryViewUITests;
			productName = MygeometryViewUITests;
			productReference = F07FC8B9275DC0EA00CF9CDF /* MygeometryViewUITests.xctest */;
			productType = "com.apple.product-type.bundle.ui-testing";
		};
/* End PBXNativeTarget section */

/* Begin PBXProject section */
		F07FC897275DC0E800CF9CDF /* Project object */ = {
			isa = PBXProject;
			attributes = {
				BuildIndependentTargetsInParallel = 1;
				LastSwiftUpdateCheck = 1310;
				LastUpgradeCheck = 1310;
				TargetAttributes = {
					F07FC89E275DC0E800CF9CDF = {
						CreatedOnToolsVersion = 13.1;
					};
					F07FC8AE275DC0EA00CF9CDF = {
						CreatedOnToolsVersion = 13.1;
						TestTargetID = F07FC89E275DC0E800CF9CDF;
					};
					F07FC8B8275DC0EA00CF9CDF = {
						CreatedOnToolsVersion = 13.1;
						TestTargetID = F07FC89E275DC0E800CF9CDF;
					};
				};
			};
			buildConfigurationList = F07FC89A275DC0E800CF9CDF /* Build configuration list for PBXProject "MygeometryView" */;
			compatibilityVersion = "Xcode 13.0";
			developmentRegion = en;
			hasScannedForEncodings = 0;
			knownRegions = (
				en,
				Base,
			);
			mainGroup = F07FC896275DC0E800CF9CDF;
			productRefGroup = F07FC8A0275DC0E800CF9CDF /* Products */;
			projectDirPath = "";
			projectRoot = "";
			targets = (
				F07FC89E275DC0E800CF9CDF /* MygeometryView */,
				F07FC8AE275DC0EA00CF9CDF /* MygeometryViewTests */,
				F07FC8B8275DC0EA00CF9CDF /* MygeometryViewUITests */,
			);
		};
/* End PBXProject section */

/* Begin PBXResourcesBuildPhase section */
		F07FC89D275DC0E800CF9CDF /* Resources */ = {
			isa = PBXResourcesBuildPhase;
			buildActionMask = 2147483647;
			files = (
				F07FC8AA275DC0EA00CF9CDF /* Preview Assets.xcassets in Resources */,
				F07FC8A7275DC0EA00CF9CDF /* Assets.xcassets in Resources */,
			);
			runOnlyForDeploymentPostprocessing = 0;
		};
		F07FC8AD275DC0EA00CF9CDF /* Resources */ = {
			isa = PBXResourcesBuildPhase;
			buildActionMask = 2147483647;
			files = (
			);
			runOnlyForDeploymentPostprocessing = 0;
		};
		F07FC8B7275DC0EA00CF9CDF /* Resources */ = {
			isa = PBXResourcesBuildPhase;
			buildActionMask = 2147483647;
			files = (
			);
			runOnlyForDeploymentPostprocessing = 0;
		};
/* End PBXResourcesBuildPhase section */

/* Begin PBXSourcesBuildPhase section */
		F07FC89B275DC0E800CF9CDF /* Sources */ = {
			isa = PBXSourcesBuildPhase;
			buildActionMask = 2147483647;
			files = (
				F07FC8CD275DC25B00CF9CDF /* MygeometryVstack.swift in Sources */,
				F07FC8A5275DC0E800CF9CDF /* ContentView.swift in Sources */,
				F07FC8A3275DC0E800CF9CDF /* MygeometryViewApp.swift in Sources */,
			);
			runOnlyForDeploymentPostprocessing = 0;
		};
		F07FC8AB275DC0EA00CF9CDF /* Sources */ = {
			isa = PBXSourcesBuildPhase;
			buildActionMask = 2147483647;
			files = (
				F07FC8B4275DC0EA00CF9CDF /* MygeometryViewTests.swift in Sources */,
			);
			runOnlyForDeploymentPostprocessing = 0;
		};
		F07FC8B5275DC0EA00CF9CDF /* Sources */ = {
			isa = PBXSourcesBuildPhase;
			buildActionMask = 2147483647;
			files = (
				F07FC8BE275DC0EA00CF9CDF /* MygeometryViewUITests.swift in Sources */,
				F07FC8C0275DC0EA00CF9CDF /* MygeometryViewUITestsLaunchTests.swift in Sources */,
			);
			runOnlyForDeploymentPostprocessing = 0;
		};
/* End PBXSourcesBuildPhase section */

/* Begin PBXTargetDependency section */
		F07FC8B1275DC0EA00CF9CDF /* PBXTargetDependency */ = {
			isa = PBXTargetDependency;
			target = F07FC89E275DC0E800CF9CDF /* MygeometryView */;
			targetProxy = F07FC8B0275DC0EA00CF9CDF /* PBXContainerItemProxy */;
		};
		F07FC8BB275DC0EA00CF9CDF /* PBXTargetDependency */ = {
			isa = PBXTargetDependency;
			target = F07FC89E275DC0E800CF9CDF /* MygeometryView */;
			targetProxy = F07FC8BA275DC0EA00CF9CDF /* PBXContainerItemProxy */;
		};
/* End PBXTargetDependency section */

/* Begin XCBuildConfiguration section */
		F07FC8C1275DC0EB00CF9CDF /* Debug */ = {
			isa = XCBuildConfiguration;
			buildSettings = {
				ALWAYS_SEARCH_USER_PATHS = NO;
				CLANG_ANALYZER_NONNULL = YES;
				CLANG_ANALYZER_NUMBER_OBJECT_CONVERSION = YES_AGGRESSIVE;
				CLANG_CXX_LANGUAGE_STANDARD = "gnu++17";
				CLANG_CXX_LIBRARY = "libc++";
				CLANG_ENABLE_MODULES = YES;
				CLANG_ENABLE_OBJC_ARC = YES;
				CLANG_ENABLE_OBJC_WEAK = YES;
				CLANG_WARN_BLOCK_CAPTURE_AUTORELEASING = YES;
				CLANG_WARN_BOOL_CONVERSION = YES;
				CLANG_WARN_COMMA = YES;
				CLANG_WARN_CONSTANT_CONVERSION = YES;
				CLANG_WARN_DEPRECATED_OBJC_IMPLEMENTATIONS = YES;
				CLANG_WARN_DIRECT_OBJC_ISA_USAGE = YES_ERROR;
				CLANG_WARN_DOCUMENTATION_COMMENTS = YES;
				CLANG_WARN_EMPTY_BODY = YES;
				CLANG_WARN_ENUM_CONVERSION = YES;
				CLANG_WARN_INFINITE_RECURSION = YES;
				CLANG_WARN_INT_CONVERSION = YES;
				CLANG_WARN_NON_LITERAL_NULL_CONVERSION = YES;
				CLANG_WARN_OBJC_IMPLICIT_RETAIN_SELF = YES;
				CLANG_WARN_OBJC_LITERAL_CONVERSION = YES;
				CLANG_WARN_OBJC_ROOT_CLASS = YES_ERROR;
				CLANG_WARN_QUOTED_INCLUDE_IN_FRAMEWORK_HEADER = YES;
				CLANG_WARN_RANGE_LOOP_ANALYSIS = YES;
				CLANG_WARN_STRICT_PROTOTYPES = YES;
				CLANG_WARN_SUSPICIOUS_MOVE = YES;
				CLANG_WARN_UNGUARDED_AVAILABILITY = YES_AGGRESSIVE;
				CLANG_WARN_UNREACHABLE_CODE = YES;
				CLANG_WARN__DUPLICATE_METHOD_MATCH = YES;
				COPY_PHASE_STRIP = NO;
				DEBUG_INFORMATION_FORMAT = dwarf;
				ENABLE_STRICT_OBJC_MSGSEND = YES;
				ENABLE_TESTABILITY = YES;
				GCC_C_LANGUAGE_STANDARD = gnu11;
				GCC_DYNAMIC_NO_PIC = NO;
				GCC_NO_COMMON_BLOCKS = YES;
				GCC_OPTIMIZATION_LEVEL = 0;
				GCC_PREPROCESSOR_DEFINITIONS = (
					"DEBUG=1",
					"$(inherited)",
				);
				GCC_WARN_64_TO_32_BIT_CONVERSION = YES;
				GCC_WARN_ABOUT_RETURN_TYPE = YES_ERROR;
				GCC_WARN_UNDECLARED_SELECTOR = YES;
				GCC_WARN_UNINITIALIZED_AUTOS = YES_AGGRESSIVE;
				GCC_WARN_UNUSED_FUNCTION = YES;
				GCC_WARN_UNUSED_VARIABLE = YES;
				IPHONEOS_DEPLOYMENT_TARGET = 15.0;
				MTL_ENABLE_DEBUG_INFO = INCLUDE_SOURCE;
				MTL_FAST_MATH = YES;
				ONLY_ACTIVE_ARCH = YES;
				SDKROOT = iphoneos;
				SWIFT_ACTIVE_COMPILATION_CONDITIONS = DEBUG;
				SWIFT_OPTIMIZATION_LEVEL = "-Onone";
			};
			name = Debug;
		};
		F07FC8C2275DC0EB00CF9CDF /* Release */ = {
			isa = XCBuildConfiguration;
			buildSettings = {
				ALWAYS_SEARCH_USER_PATHS = NO;
				CLANG_ANALYZER_NONNULL = YES;
				CLANG_ANALYZER_NUMBER_OBJECT_CONVERSION = YES_AGGRESSIVE;
				CLANG_CXX_LANGUAGE_STANDARD = "gnu++17";
				CLANG_CXX_LIBRARY = "libc++";
				CLANG_ENABLE_MODULES = YES;
				CLANG_ENABLE_OBJC_ARC = YES;
				CLANG_ENABLE_OBJC_WEAK = YES;
				CLANG_WARN_BLOCK_CAPTURE_AUTORELEASING = YES;
				CLANG_WARN_BOOL_CONVERSION = YES;
				CLANG_WARN_COMMA = YES;
				CLANG_WARN_CONSTANT_CONVERSION = YES;
				CLANG_WARN_DEPRECATED_OBJC_IMPLEMENTATIONS = YES;
				CLANG_WARN_DIRECT_OBJC_ISA_USAGE = YES_ERROR;
				CLANG_WARN_DOCUMENTATION_COMMENTS = YES;
				CLANG_WARN_EMPTY_BODY = YES;
				CLANG_WARN_ENUM_CONVERSION = YES;
				CLANG_WARN_INFINITE_RECURSION = YES;
				CLANG_WARN_INT_CONVERSION = YES;
				CLANG_WARN_NON_LITERAL_NULL_CONVERSION = YES;
				CLANG_WARN_OBJC_IMPLICIT_RETAIN_SELF = YES;
				CLANG_WARN_OBJC_LITERAL_CONVERSION = YES;
				CLANG_WARN_OBJC_ROOT_CLASS = YES_ERROR;
				CLANG_WARN_QUOTED_INCLUDE_IN_FRAMEWORK_HEADER = YES;
				CLANG_WARN_RANGE_LOOP_ANALYSIS = YES;
				CLANG_WARN_STRICT_PROTOTYPES = YES;
				CLANG_WARN_SUSPICIOUS_MOVE = YES;
				CLANG_WARN_UNGUARDED_AVAILABILITY = YES_AGGRESSIVE;
				CLANG_WARN_UNREACHABLE_CODE = YES;
				CLANG_WARN__DUPLICATE_METHOD_MATCH = YES;
				COPY_PHASE_STRIP = NO;
				DEBUG_INFORMATION_FORMAT = "dwarf-with-dsym";
				ENABLE_NS_ASSERTIONS = NO;
				ENABLE_STRICT_OBJC_MSGSEND = YES;
				GCC_C_LANGUAGE_STANDARD = gnu11;
				GCC_NO_COMMON_BLOCKS = YES;
				GCC_WARN_64_TO_32_BIT_CONVERSION = YES;
				GCC_WARN_ABOUT_RETURN_TYPE = YES_ERROR;
				GCC_WARN_UNDECLARED_SELECTOR = YES;
				GCC_WARN_UNINITIALIZED_AUTOS = YES_AGGRESSIVE;
				GCC_WARN_UNUSED_FUNCTION = YES;
				GCC_WARN_UNUSED_VARIABLE = YES;
				IPHONEOS_DEPLOYMENT_TARGET = 15.0;
				MTL_ENABLE_DEBUG_INFO = NO;
				MTL_FAST_MATH = YES;
				SDKROOT = iphoneos;
				SWIFT_COMPILATION_MODE = wholemodule;
				SWIFT_OPTIMIZATION_LEVEL = "-O";
				VALIDATE_PRODUCT = YES;
			};
			name = Release;
		};
		F07FC8C4275DC0EB00CF9CDF /* Debug */ = {
			isa = XCBuildConfiguration;
			buildSettings = {
				ASSETCATALOG_COMPILER_APPICON_NAME = AppIcon;
				ASSETCATALOG_COMPILER_GLOBAL_ACCENT_COLOR_NAME = AccentColor;
				CODE_SIGN_STYLE = Automatic;
				CURRENT_PROJECT_VERSION = 1;
				DEVELOPMENT_ASSET_PATHS = "\"MygeometryView/Preview Content\"";
				DEVELOPMENT_TEAM = LZ887YG4E9;
				ENABLE_PREVIEWS = YES;
				GENERATE_INFOPLIST_FILE = YES;
				INFOPLIST_KEY_UIApplicationSceneManifest_Generation = YES;
				INFOPLIST_KEY_UIApplicationSupportsIndirectInputEvents = YES;
				INFOPLIST_KEY_UILaunchScreen_Generation = YES;
				INFOPLIST_KEY_UISupportedInterfaceOrientations_iPad = "UIInterfaceOrientationPortrait UIInterfaceOrientationPortraitUpsideDown UIInterfaceOrientationLandscapeLeft UIInterfaceOrientationLandscapeRight";
				INFOPLIST_KEY_UISupportedInterfaceOrientations_iPhone = "UIInterfaceOrientationPortrait UIInterfaceOrientationLandscapeLeft UIInterfaceOrientationLandscapeRight";
				LD_RUNPATH_SEARCH_PATHS = (
					"$(inherited)",
					"@executable_path/Frameworks",
				);
				MARKETING_VERSION = 1.0;
				PRODUCT_BUNDLE_IDENTIFIER = chuljin.MygeometryView;
				PRODUCT_NAME = "$(TARGET_NAME)";
				SWIFT_EMIT_LOC_STRINGS = YES;
				SWIFT_VERSION = 5.0;
				TARGETED_DEVICE_FAMILY = "1,2";
			};
			name = Debug;
		};
		F07FC8C5275DC0EB00CF9CDF /* Release */ = {
			isa = XCBuildConfiguration;
			buildSettings = {
				ASSETCATALOG_COMPILER_APPICON_NAME = AppIcon;
				ASSETCATALOG_COMPILER_GLOBAL_ACCENT_COLOR_NAME = AccentColor;
				CODE_SIGN_STYLE = Automatic;
				CURRENT_PROJECT_VERSION = 1;
				DEVELOPMENT_ASSET_PATHS = "\"MygeometryView/Preview Content\"";
				DEVELOPMENT_TEAM = LZ887YG4E9;
				ENABLE_PREVIEWS = YES;
				GENERATE_INFOPLIST_FILE = YES;
				INFOPLIST_KEY_UIApplicationSceneManifest_Generation = YES;
				INFOPLIST_KEY_UIApplicationSupportsIndirectInputEvents = YES;
				INFOPLIST_KEY_UILaunchScreen_Generation = YES;
				INFOPLIST_KEY_UISupportedInterfaceOrientations_iPad = "UIInterfaceOrientationPortrait UIInterfaceOrientationPortraitUpsideDown UIInterfaceOrientationLandscapeLeft UIInterfaceOrientationLandscapeRight";
				INFOPLIST_KEY_UISupportedInterfaceOrientations_iPhone = "UIInterfaceOrientationPortrait UIInterfaceOrientationLandscapeLeft UIInterfaceOrientationLandscapeRight";
				LD_RUNPATH_SEARCH_PATHS = (
					"$(inherited)",
					"@executable_path/Frameworks",
				);
				MARKETING_VERSION = 1.0;
				PRODUCT_BUNDLE_IDENTIFIER = chuljin.MygeometryView;
				PRODUCT_NAME = "$(TARGET_NAME)";
				SWIFT_EMIT_LOC_STRINGS = YES;
				SWIFT_VERSION = 5.0;
				TARGETED_DEVICE_FAMILY = "1,2";
			};
			name = Release;
		};
		F07FC8C7275DC0EB00CF9CDF /* Debug */ = {
			isa = XCBuildConfiguration;
			buildSettings = {
				ALWAYS_EMBED_SWIFT_STANDARD_LIBRARIES = YES;
				BUNDLE_LOADER = "$(TEST_HOST)";
				CODE_SIGN_STYLE = Automatic;
				CURRENT_PROJECT_VERSION = 1;
				DEVELOPMENT_TEAM = LZ887YG4E9;
				GENERATE_INFOPLIST_FILE = YES;
				IPHONEOS_DEPLOYMENT_TARGET = 15.0;
				LD_RUNPATH_SEARCH_PATHS = (
					"$(inherited)",
					"@executable_path/Frameworks",
					"@loader_path/Frameworks",
				);
				MARKETING_VERSION = 1.0;
				PRODUCT_BUNDLE_IDENTIFIER = chuljin.MygeometryViewTests;
				PRODUCT_NAME = "$(TARGET_NAME)";
				SWIFT_EMIT_LOC_STRINGS = NO;
				SWIFT_VERSION = 5.0;
				TARGETED_DEVICE_FAMILY = "1,2";
				TEST_HOST = "$(BUILT_PRODUCTS_DIR)/MygeometryView.app/MygeometryView";
			};
			name = Debug;
		};
		F07FC8C8275DC0EB00CF9CDF /* Release */ = {
			isa = XCBuildConfiguration;
			buildSettings = {
				ALWAYS_EMBED_SWIFT_STANDARD_LIBRARIES = YES;
				BUNDLE_LOADER = "$(TEST_HOST)";
				CODE_SIGN_STYLE = Automatic;
				CURRENT_PROJECT_VERSION = 1;
				DEVELOPMENT_TEAM = LZ887YG4E9;
				GENERATE_INFOPLIST_FILE = YES;
				IPHONEOS_DEPLOYMENT_TARGET = 15.0;
				LD_RUNPATH_SEARCH_PATHS = (
					"$(inherited)",
					"@executable_path/Frameworks",
					"@loader_path/Frameworks",
				);
				MARKETING_VERSION = 1.0;
				PRODUCT_BUNDLE_IDENTIFIER = chuljin.MygeometryViewTests;
				PRODUCT_NAME = "$(TARGET_NAME)";
				SWIFT_EMIT_LOC_STRINGS = NO;
				SWIFT_VERSION = 5.0;
				TARGETED_DEVICE_FAMILY = "1,2";
				TEST_HOST = "$(BUILT_PRODUCTS_DIR)/MygeometryView.app/MygeometryView";
			};
			name = Release;
		};
		F07FC8CA275DC0EB00CF9CDF /* Debug */ = {
			isa = XCBuildConfiguration;
			buildSettings = {
				ALWAYS_EMBED_SWIFT_STANDARD_LIBRARIES = YES;
				CODE_SIGN_STYLE = Automatic;
				CURRENT_PROJECT_VERSION = 1;
				DEVELOPMENT_TEAM = LZ887YG4E9;
				GENERATE_INFOPLIST_FILE = YES;
				LD_RUNPATH_SEARCH_PATHS = (
					"$(inherited)",
					"@executable_path/Frameworks",
					"@loader_path/Frameworks",
				);
				MARKETING_VERSION = 1.0;
				PRODUCT_BUNDLE_IDENTIFIER = chuljin.MygeometryViewUITests;
				PRODUCT_NAME = "$(TARGET_NAME)";
				SWIFT_EMIT_LOC_STRINGS = NO;
				SWIFT_VERSION = 5.0;
				TARGETED_DEVICE_FAMILY = "1,2";
				TEST_TARGET_NAME = MygeometryView;
			};
			name = Debug;
		};
		F07FC8CB275DC0EB00CF9CDF /* Release */ = {
			isa = XCBuildConfiguration;
			buildSettings = {
				ALWAYS_EMBED_SWIFT_STANDARD_LIBRARIES = YES;
				CODE_SIGN_STYLE = Automatic;
				CURRENT_PROJECT_VERSION = 1;
				DEVELOPMENT_TEAM = LZ887YG4E9;
				GENERATE_INFOPLIST_FILE = YES;
				LD_RUNPATH_SEARCH_PATHS = (
					"$(inherited)",
					"@executable_path/Frameworks",
					"@loader_path/Frameworks",
				);
				MARKETING_VERSION = 1.0;
				PRODUCT_BUNDLE_IDENTIFIER = chuljin.MygeometryViewUITests;
				PRODUCT_NAME = "$(TARGET_NAME)";
				SWIFT_EMIT_LOC_STRINGS = NO;
				SWIFT_VERSION = 5.0;
				TARGETED_DEVICE_FAMILY = "1,2";
				TEST_TARGET_NAME = MygeometryView;
			};
			name = Release;
		};
/* End XCBuildConfiguration section */

/* Begin XCConfigurationList section */
		F07FC89A275DC0E800CF9CDF /* Build configuration list for PBXProject "MygeometryView" */ = {
			isa = XCConfigurationList;
			buildConfigurations = (
				F07FC8C1275DC0EB00CF9CDF /* Debug */,
				F07FC8C2275DC0EB00CF9CDF /* Release */,
			);
			defaultConfigurationIsVisible = 0;
			defaultConfigurationName = Release;
		};
		F07FC8C3275DC0EB00CF9CDF /* Build configuration list for PBXNativeTarget "MygeometryView" */ = {
			isa = XCConfigurationList;
			buildConfigurations = (
				F07FC8C4275DC0EB00CF9CDF /* Debug */,
				F07FC8C5275DC0EB00CF9CDF /* Release */,
			);
			defaultConfigurationIsVisible = 0;
			defaultConfigurationName = Release;
		};
		F07FC8C6275DC0EB00CF9CDF /* Build configuration list for PBXNativeTarget "MygeometryViewTests" */ = {
			isa = XCConfigurationList;
			buildConfigurations = (
				F07FC8C7275DC0EB00CF9CDF /* Debug */,
				F07FC8C8275DC0EB00CF9CDF /* Release */,
			);
			defaultConfigurationIsVisible = 0;
			defaultConfigurationName = Release;
		};
		F07FC8C9275DC0EB00CF9CDF /* Build configuration list for PBXNativeTarget "MygeometryViewUITests" */ = {
			isa = XCConfigurationList;
			buildConfigurations = (
				F07FC8CA275DC0EB00CF9CDF /* Debug */,
				F07FC8CB275DC0EB00CF9CDF /* Release */,
			);
			defaultConfigurationIsVisible = 0;
			defaultConfigurationName = Release;
		};
/* End XCConfigurationList section */
	};
	rootObject = F07FC897275DC0E800CF9CDF /* Project object */;
}
