// !$*UTF8*$!
{
	archiveVersion = 1;
	classes = {
	};
	objectVersion = 55;
	objects = {

/* Begin PBXBuildFile section */
		F074F5EC276B7366006550D2 /* Coding_test_day1App.swift in Sources */ = {isa = PBXBuildFile; fileRef = F074F5EB276B7366006550D2 /* Coding_test_day1App.swift */; };
		F074F5EE276B7366006550D2 /* ContentView.swift in Sources */ = {isa = PBXBuildFile; fileRef = F074F5ED276B7366006550D2 /* ContentView.swift */; };
		F074F5F0276B7367006550D2 /* Assets.xcassets in Resources */ = {isa = PBXBuildFile; fileRef = F074F5EF276B7367006550D2 /* Assets.xcassets */; };
		F074F5F3276B7367006550D2 /* Preview Assets.xcassets in Resources */ = {isa = PBXBuildFile; fileRef = F074F5F2276B7367006550D2 /* Preview Assets.xcassets */; };
		F074F5FD276B7368006550D2 /* Coding_test_day1Tests.swift in Sources */ = {isa = PBXBuildFile; fileRef = F074F5FC276B7368006550D2 /* Coding_test_day1Tests.swift */; };
		F074F607276B7368006550D2 /* Coding_test_day1UITests.swift in Sources */ = {isa = PBXBuildFile; fileRef = F074F606276B7368006550D2 /* Coding_test_day1UITests.swift */; };
		F074F609276B7368006550D2 /* Coding_test_day1UITestsLaunchTests.swift in Sources */ = {isa = PBXBuildFile; fileRef = F074F608276B7368006550D2 /* Coding_test_day1UITestsLaunchTests.swift */; };
/* End PBXBuildFile section */

/* Begin PBXContainerItemProxy section */
		F074F5F9276B7368006550D2 /* PBXContainerItemProxy */ = {
			isa = PBXContainerItemProxy;
			containerPortal = F074F5E0276B7366006550D2 /* Project object */;
			proxyType = 1;
			remoteGlobalIDString = F074F5E7276B7366006550D2;
			remoteInfo = Coding_test_day1;
		};
		F074F603276B7368006550D2 /* PBXContainerItemProxy */ = {
			isa = PBXContainerItemProxy;
			containerPortal = F074F5E0276B7366006550D2 /* Project object */;
			proxyType = 1;
			remoteGlobalIDString = F074F5E7276B7366006550D2;
			remoteInfo = Coding_test_day1;
		};
/* End PBXContainerItemProxy section */

/* Begin PBXFileReference section */
		F074F5E8276B7366006550D2 /* Coding_test_day1.app */ = {isa = PBXFileReference; explicitFileType = wrapper.application; includeInIndex = 0; path = Coding_test_day1.app; sourceTree = BUILT_PRODUCTS_DIR; };
		F074F5EB276B7366006550D2 /* Coding_test_day1App.swift */ = {isa = PBXFileReference; lastKnownFileType = sourcecode.swift; path = Coding_test_day1App.swift; sourceTree = "<group>"; };
		F074F5ED276B7366006550D2 /* ContentView.swift */ = {isa = PBXFileReference; lastKnownFileType = sourcecode.swift; path = ContentView.swift; sourceTree = "<group>"; };
		F074F5EF276B7367006550D2 /* Assets.xcassets */ = {isa = PBXFileReference; lastKnownFileType = folder.assetcatalog; path = Assets.xcassets; sourceTree = "<group>"; };
		F074F5F2276B7367006550D2 /* Preview Assets.xcassets */ = {isa = PBXFileReference; lastKnownFileType = folder.assetcatalog; path = "Preview Assets.xcassets"; sourceTree = "<group>"; };
		F074F5F8276B7368006550D2 /* Coding_test_day1Tests.xctest */ = {isa = PBXFileReference; explicitFileType = wrapper.cfbundle; includeInIndex = 0; path = Coding_test_day1Tests.xctest; sourceTree = BUILT_PRODUCTS_DIR; };
		F074F5FC276B7368006550D2 /* Coding_test_day1Tests.swift */ = {isa = PBXFileReference; lastKnownFileType = sourcecode.swift; path = Coding_test_day1Tests.swift; sourceTree = "<group>"; };
		F074F602276B7368006550D2 /* Coding_test_day1UITests.xctest */ = {isa = PBXFileReference; explicitFileType = wrapper.cfbundle; includeInIndex = 0; path = Coding_test_day1UITests.xctest; sourceTree = BUILT_PRODUCTS_DIR; };
		F074F606276B7368006550D2 /* Coding_test_day1UITests.swift */ = {isa = PBXFileReference; lastKnownFileType = sourcecode.swift; path = Coding_test_day1UITests.swift; sourceTree = "<group>"; };
		F074F608276B7368006550D2 /* Coding_test_day1UITestsLaunchTests.swift */ = {isa = PBXFileReference; lastKnownFileType = sourcecode.swift; path = Coding_test_day1UITestsLaunchTests.swift; sourceTree = "<group>"; };
/* End PBXFileReference section */

/* Begin PBXFrameworksBuildPhase section */
		F074F5E5276B7366006550D2 /* Frameworks */ = {
			isa = PBXFrameworksBuildPhase;
			buildActionMask = 2147483647;
			files = (
			);
			runOnlyForDeploymentPostprocessing = 0;
		};
		F074F5F5276B7368006550D2 /* Frameworks */ = {
			isa = PBXFrameworksBuildPhase;
			buildActionMask = 2147483647;
			files = (
			);
			runOnlyForDeploymentPostprocessing = 0;
		};
		F074F5FF276B7368006550D2 /* Frameworks */ = {
			isa = PBXFrameworksBuildPhase;
			buildActionMask = 2147483647;
			files = (
			);
			runOnlyForDeploymentPostprocessing = 0;
		};
/* End PBXFrameworksBuildPhase section */

/* Begin PBXGroup section */
		F074F5DF276B7366006550D2 = {
			isa = PBXGroup;
			children = (
				F074F5EA276B7366006550D2 /* Coding_test_day1 */,
				F074F5FB276B7368006550D2 /* Coding_test_day1Tests */,
				F074F605276B7368006550D2 /* Coding_test_day1UITests */,
				F074F5E9276B7366006550D2 /* Products */,
			);
			sourceTree = "<group>";
		};
		F074F5E9276B7366006550D2 /* Products */ = {
			isa = PBXGroup;
			children = (
				F074F5E8276B7366006550D2 /* Coding_test_day1.app */,
				F074F5F8276B7368006550D2 /* Coding_test_day1Tests.xctest */,
				F074F602276B7368006550D2 /* Coding_test_day1UITests.xctest */,
			);
			name = Products;
			sourceTree = "<group>";
		};
		F074F5EA276B7366006550D2 /* Coding_test_day1 */ = {
			isa = PBXGroup;
			children = (
				F074F5EB276B7366006550D2 /* Coding_test_day1App.swift */,
				F074F5ED276B7366006550D2 /* ContentView.swift */,
				F074F5EF276B7367006550D2 /* Assets.xcassets */,
				F074F5F1276B7367006550D2 /* Preview Content */,
			);
			path = Coding_test_day1;
			sourceTree = "<group>";
		};
		F074F5F1276B7367006550D2 /* Preview Content */ = {
			isa = PBXGroup;
			children = (
				F074F5F2276B7367006550D2 /* Preview Assets.xcassets */,
			);
			path = "Preview Content";
			sourceTree = "<group>";
		};
		F074F5FB276B7368006550D2 /* Coding_test_day1Tests */ = {
			isa = PBXGroup;
			children = (
				F074F5FC276B7368006550D2 /* Coding_test_day1Tests.swift */,
			);
			path = Coding_test_day1Tests;
			sourceTree = "<group>";
		};
		F074F605276B7368006550D2 /* Coding_test_day1UITests */ = {
			isa = PBXGroup;
			children = (
				F074F606276B7368006550D2 /* Coding_test_day1UITests.swift */,
				F074F608276B7368006550D2 /* Coding_test_day1UITestsLaunchTests.swift */,
			);
			path = Coding_test_day1UITests;
			sourceTree = "<group>";
		};
/* End PBXGroup section */

/* Begin PBXNativeTarget section */
		F074F5E7276B7366006550D2 /* Coding_test_day1 */ = {
			isa = PBXNativeTarget;
			buildConfigurationList = F074F60C276B7368006550D2 /* Build configuration list for PBXNativeTarget "Coding_test_day1" */;
			buildPhases = (
				F074F5E4276B7366006550D2 /* Sources */,
				F074F5E5276B7366006550D2 /* Frameworks */,
				F074F5E6276B7366006550D2 /* Resources */,
			);
			buildRules = (
			);
			dependencies = (
			);
			name = Coding_test_day1;
			productName = Coding_test_day1;
			productReference = F074F5E8276B7366006550D2 /* Coding_test_day1.app */;
			productType = "com.apple.product-type.application";
		};
		F074F5F7276B7368006550D2 /* Coding_test_day1Tests */ = {
			isa = PBXNativeTarget;
			buildConfigurationList = F074F60F276B7368006550D2 /* Build configuration list for PBXNativeTarget "Coding_test_day1Tests" */;
			buildPhases = (
				F074F5F4276B7368006550D2 /* Sources */,
				F074F5F5276B7368006550D2 /* Frameworks */,
				F074F5F6276B7368006550D2 /* Resources */,
			);
			buildRules = (
			);
			dependencies = (
				F074F5FA276B7368006550D2 /* PBXTargetDependency */,
			);
			name = Coding_test_day1Tests;
			productName = Coding_test_day1Tests;
			productReference = F074F5F8276B7368006550D2 /* Coding_test_day1Tests.xctest */;
			productType = "com.apple.product-type.bundle.unit-test";
		};
		F074F601276B7368006550D2 /* Coding_test_day1UITests */ = {
			isa = PBXNativeTarget;
			buildConfigurationList = F074F612276B7368006550D2 /* Build configuration list for PBXNativeTarget "Coding_test_day1UITests" */;
			buildPhases = (
				F074F5FE276B7368006550D2 /* Sources */,
				F074F5FF276B7368006550D2 /* Frameworks */,
				F074F600276B7368006550D2 /* Resources */,
			);
			buildRules = (
			);
			dependencies = (
				F074F604276B7368006550D2 /* PBXTargetDependency */,
			);
			name = Coding_test_day1UITests;
			productName = Coding_test_day1UITests;
			productReference = F074F602276B7368006550D2 /* Coding_test_day1UITests.xctest */;
			productType = "com.apple.product-type.bundle.ui-testing";
		};
/* End PBXNativeTarget section */

/* Begin PBXProject section */
		F074F5E0276B7366006550D2 /* Project object */ = {
			isa = PBXProject;
			attributes = {
				BuildIndependentTargetsInParallel = 1;
				LastSwiftUpdateCheck = 1320;
				LastUpgradeCheck = 1320;
				TargetAttributes = {
					F074F5E7276B7366006550D2 = {
						CreatedOnToolsVersion = 13.2;
					};
					F074F5F7276B7368006550D2 = {
						CreatedOnToolsVersion = 13.2;
						TestTargetID = F074F5E7276B7366006550D2;
					};
					F074F601276B7368006550D2 = {
						CreatedOnToolsVersion = 13.2;
						TestTargetID = F074F5E7276B7366006550D2;
					};
				};
			};
			buildConfigurationList = F074F5E3276B7366006550D2 /* Build configuration list for PBXProject "Coding_test_day1" */;
			compatibilityVersion = "Xcode 13.0";
			developmentRegion = en;
			hasScannedForEncodings = 0;
			knownRegions = (
				en,
				Base,
			);
			mainGroup = F074F5DF276B7366006550D2;
			productRefGroup = F074F5E9276B7366006550D2 /* Products */;
			projectDirPath = "";
			projectRoot = "";
			targets = (
				F074F5E7276B7366006550D2 /* Coding_test_day1 */,
				F074F5F7276B7368006550D2 /* Coding_test_day1Tests */,
				F074F601276B7368006550D2 /* Coding_test_day1UITests */,
			);
		};
/* End PBXProject section */

/* Begin PBXResourcesBuildPhase section */
		F074F5E6276B7366006550D2 /* Resources */ = {
			isa = PBXResourcesBuildPhase;
			buildActionMask = 2147483647;
			files = (
				F074F5F3276B7367006550D2 /* Preview Assets.xcassets in Resources */,
				F074F5F0276B7367006550D2 /* Assets.xcassets in Resources */,
			);
			runOnlyForDeploymentPostprocessing = 0;
		};
		F074F5F6276B7368006550D2 /* Resources */ = {
			isa = PBXResourcesBuildPhase;
			buildActionMask = 2147483647;
			files = (
			);
			runOnlyForDeploymentPostprocessing = 0;
		};
		F074F600276B7368006550D2 /* Resources */ = {
			isa = PBXResourcesBuildPhase;
			buildActionMask = 2147483647;
			files = (
			);
			runOnlyForDeploymentPostprocessing = 0;
		};
/* End PBXResourcesBuildPhase section */

/* Begin PBXSourcesBuildPhase section */
		F074F5E4276B7366006550D2 /* Sources */ = {
			isa = PBXSourcesBuildPhase;
			buildActionMask = 2147483647;
			files = (
				F074F5EE276B7366006550D2 /* ContentView.swift in Sources */,
				F074F5EC276B7366006550D2 /* Coding_test_day1App.swift in Sources */,
			);
			runOnlyForDeploymentPostprocessing = 0;
		};
		F074F5F4276B7368006550D2 /* Sources */ = {
			isa = PBXSourcesBuildPhase;
			buildActionMask = 2147483647;
			files = (
				F074F5FD276B7368006550D2 /* Coding_test_day1Tests.swift in Sources */,
			);
			runOnlyForDeploymentPostprocessing = 0;
		};
		F074F5FE276B7368006550D2 /* Sources */ = {
			isa = PBXSourcesBuildPhase;
			buildActionMask = 2147483647;
			files = (
				F074F607276B7368006550D2 /* Coding_test_day1UITests.swift in Sources */,
				F074F609276B7368006550D2 /* Coding_test_day1UITestsLaunchTests.swift in Sources */,
			);
			runOnlyForDeploymentPostprocessing = 0;
		};
/* End PBXSourcesBuildPhase section */

/* Begin PBXTargetDependency section */
		F074F5FA276B7368006550D2 /* PBXTargetDependency */ = {
			isa = PBXTargetDependency;
			target = F074F5E7276B7366006550D2 /* Coding_test_day1 */;
			targetProxy = F074F5F9276B7368006550D2 /* PBXContainerItemProxy */;
		};
		F074F604276B7368006550D2 /* PBXTargetDependency */ = {
			isa = PBXTargetDependency;
			target = F074F5E7276B7366006550D2 /* Coding_test_day1 */;
			targetProxy = F074F603276B7368006550D2 /* PBXContainerItemProxy */;
		};
/* End PBXTargetDependency section */

/* Begin XCBuildConfiguration section */
		F074F60A276B7368006550D2 /* Debug */ = {
			isa = XCBuildConfiguration;
			buildSettings = {
				ALWAYS_SEARCH_USER_PATHS = NO;
				CLANG_ANALYZER_NONNULL = YES;
				CLANG_ANALYZER_NUMBER_OBJECT_CONVERSION = YES_AGGRESSIVE;
				CLANG_CXX_LANGUAGE_STANDARD = "gnu++17";
				CLANG_CXX_LIBRARY = "libc++";
				CLANG_ENABLE_MODULES = YES;
				CLANG_ENABLE_OBJC_ARC = YES;
				CLANG_ENABLE_OBJC_WEAK = YES;
				CLANG_WARN_BLOCK_CAPTURE_AUTORELEASING = YES;
				CLANG_WARN_BOOL_CONVERSION = YES;
				CLANG_WARN_COMMA = YES;
				CLANG_WARN_CONSTANT_CONVERSION = YES;
				CLANG_WARN_DEPRECATED_OBJC_IMPLEMENTATIONS = YES;
				CLANG_WARN_DIRECT_OBJC_ISA_USAGE = YES_ERROR;
				CLANG_WARN_DOCUMENTATION_COMMENTS = YES;
				CLANG_WARN_EMPTY_BODY = YES;
				CLANG_WARN_ENUM_CONVERSION = YES;
				CLANG_WARN_INFINITE_RECURSION = YES;
				CLANG_WARN_INT_CONVERSION = YES;
				CLANG_WARN_NON_LITERAL_NULL_CONVERSION = YES;
				CLANG_WARN_OBJC_IMPLICIT_RETAIN_SELF = YES;
				CLANG_WARN_OBJC_LITERAL_CONVERSION = YES;
				CLANG_WARN_OBJC_ROOT_CLASS = YES_ERROR;
				CLANG_WARN_QUOTED_INCLUDE_IN_FRAMEWORK_HEADER = YES;
				CLANG_WARN_RANGE_LOOP_ANALYSIS = YES;
				CLANG_WARN_STRICT_PROTOTYPES = YES;
				CLANG_WARN_SUSPICIOUS_MOVE = YES;
				CLANG_WARN_UNGUARDED_AVAILABILITY = YES_AGGRESSIVE;
				CLANG_WARN_UNREACHABLE_CODE = YES;
				CLANG_WARN__DUPLICATE_METHOD_MATCH = YES;
				COPY_PHASE_STRIP = NO;
				DEBUG_INFORMATION_FORMAT = dwarf;
				ENABLE_STRICT_OBJC_MSGSEND = YES;
				ENABLE_TESTABILITY = YES;
				GCC_C_LANGUAGE_STANDARD = gnu11;
				GCC_DYNAMIC_NO_PIC = NO;
				GCC_NO_COMMON_BLOCKS = YES;
				GCC_OPTIMIZATION_LEVEL = 0;
				GCC_PREPROCESSOR_DEFINITIONS = (
					"DEBUG=1",
					"$(inherited)",
				);
				GCC_WARN_64_TO_32_BIT_CONVERSION = YES;
				GCC_WARN_ABOUT_RETURN_TYPE = YES_ERROR;
				GCC_WARN_UNDECLARED_SELECTOR = YES;
				GCC_WARN_UNINITIALIZED_AUTOS = YES_AGGRESSIVE;
				GCC_WARN_UNUSED_FUNCTION = YES;
				GCC_WARN_UNUSED_VARIABLE = YES;
				IPHONEOS_DEPLOYMENT_TARGET = 15.2;
				MTL_ENABLE_DEBUG_INFO = INCLUDE_SOURCE;
				MTL_FAST_MATH = YES;
				ONLY_ACTIVE_ARCH = YES;
				SDKROOT = iphoneos;
				SWIFT_ACTIVE_COMPILATION_CONDITIONS = DEBUG;
				SWIFT_OPTIMIZATION_LEVEL = "-Onone";
			};
			name = Debug;
		};
		F074F60B276B7368006550D2 /* Release */ = {
			isa = XCBuildConfiguration;
			buildSettings = {
				ALWAYS_SEARCH_USER_PATHS = NO;
				CLANG_ANALYZER_NONNULL = YES;
				CLANG_ANALYZER_NUMBER_OBJECT_CONVERSION = YES_AGGRESSIVE;
				CLANG_CXX_LANGUAGE_STANDARD = "gnu++17";
				CLANG_CXX_LIBRARY = "libc++";
				CLANG_ENABLE_MODULES = YES;
				CLANG_ENABLE_OBJC_ARC = YES;
				CLANG_ENABLE_OBJC_WEAK = YES;
				CLANG_WARN_BLOCK_CAPTURE_AUTORELEASING = YES;
				CLANG_WARN_BOOL_CONVERSION = YES;
				CLANG_WARN_COMMA = YES;
				CLANG_WARN_CONSTANT_CONVERSION = YES;
				CLANG_WARN_DEPRECATED_OBJC_IMPLEMENTATIONS = YES;
				CLANG_WARN_DIRECT_OBJC_ISA_USAGE = YES_ERROR;
				CLANG_WARN_DOCUMENTATION_COMMENTS = YES;
				CLANG_WARN_EMPTY_BODY = YES;
				CLANG_WARN_ENUM_CONVERSION = YES;
				CLANG_WARN_INFINITE_RECURSION = YES;
				CLANG_WARN_INT_CONVERSION = YES;
				CLANG_WARN_NON_LITERAL_NULL_CONVERSION = YES;
				CLANG_WARN_OBJC_IMPLICIT_RETAIN_SELF = YES;
				CLANG_WARN_OBJC_LITERAL_CONVERSION = YES;
				CLANG_WARN_OBJC_ROOT_CLASS = YES_ERROR;
				CLANG_WARN_QUOTED_INCLUDE_IN_FRAMEWORK_HEADER = YES;
				CLANG_WARN_RANGE_LOOP_ANALYSIS = YES;
				CLANG_WARN_STRICT_PROTOTYPES = YES;
				CLANG_WARN_SUSPICIOUS_MOVE = YES;
				CLANG_WARN_UNGUARDED_AVAILABILITY = YES_AGGRESSIVE;
				CLANG_WARN_UNREACHABLE_CODE = YES;
				CLANG_WARN__DUPLICATE_METHOD_MATCH = YES;
				COPY_PHASE_STRIP = NO;
				DEBUG_INFORMATION_FORMAT = "dwarf-with-dsym";
				ENABLE_NS_ASSERTIONS = NO;
				ENABLE_STRICT_OBJC_MSGSEND = YES;
				GCC_C_LANGUAGE_STANDARD = gnu11;
				GCC_NO_COMMON_BLOCKS = YES;
				GCC_WARN_64_TO_32_BIT_CONVERSION = YES;
				GCC_WARN_ABOUT_RETURN_TYPE = YES_ERROR;
				GCC_WARN_UNDECLARED_SELECTOR = YES;
				GCC_WARN_UNINITIALIZED_AUTOS = YES_AGGRESSIVE;
				GCC_WARN_UNUSED_FUNCTION = YES;
				GCC_WARN_UNUSED_VARIABLE = YES;
				IPHONEOS_DEPLOYMENT_TARGET = 15.2;
				MTL_ENABLE_DEBUG_INFO = NO;
				MTL_FAST_MATH = YES;
				SDKROOT = iphoneos;
				SWIFT_COMPILATION_MODE = wholemodule;
				SWIFT_OPTIMIZATION_LEVEL = "-O";
				VALIDATE_PRODUCT = YES;
			};
			name = Release;
		};
		F074F60D276B7368006550D2 /* Debug */ = {
			isa = XCBuildConfiguration;
			buildSettings = {
				ASSETCATALOG_COMPILER_APPICON_NAME = AppIcon;
				ASSETCATALOG_COMPILER_GLOBAL_ACCENT_COLOR_NAME = AccentColor;
				CODE_SIGN_STYLE = Automatic;
				CURRENT_PROJECT_VERSION = 1;
				DEVELOPMENT_ASSET_PATHS = "\"Coding_test_day1/Preview Content\"";
				DEVELOPMENT_TEAM = LZ887YG4E9;
				ENABLE_PREVIEWS = YES;
				GENERATE_INFOPLIST_FILE = YES;
				INFOPLIST_KEY_UIApplicationSceneManifest_Generation = YES;
				INFOPLIST_KEY_UIApplicationSupportsIndirectInputEvents = YES;
				INFOPLIST_KEY_UILaunchScreen_Generation = YES;
				INFOPLIST_KEY_UISupportedInterfaceOrientations_iPad = "UIInterfaceOrientationPortrait UIInterfaceOrientationPortraitUpsideDown UIInterfaceOrientationLandscapeLeft UIInterfaceOrientationLandscapeRight";
				INFOPLIST_KEY_UISupportedInterfaceOrientations_iPhone = "UIInterfaceOrientationPortrait UIInterfaceOrientationLandscapeLeft UIInterfaceOrientationLandscapeRight";
				LD_RUNPATH_SEARCH_PATHS = (
					"$(inherited)",
					"@executable_path/Frameworks",
				);
				MARKETING_VERSION = 1.0;
				PRODUCT_BUNDLE_IDENTIFIER = "chuljin.Coding-test-day1";
				PRODUCT_NAME = "$(TARGET_NAME)";
				SWIFT_EMIT_LOC_STRINGS = YES;
				SWIFT_VERSION = 5.0;
				TARGETED_DEVICE_FAMILY = "1,2";
			};
			name = Debug;
		};
		F074F60E276B7368006550D2 /* Release */ = {
			isa = XCBuildConfiguration;
			buildSettings = {
				ASSETCATALOG_COMPILER_APPICON_NAME = AppIcon;
				ASSETCATALOG_COMPILER_GLOBAL_ACCENT_COLOR_NAME = AccentColor;
				CODE_SIGN_STYLE = Automatic;
				CURRENT_PROJECT_VERSION = 1;
				DEVELOPMENT_ASSET_PATHS = "\"Coding_test_day1/Preview Content\"";
				DEVELOPMENT_TEAM = LZ887YG4E9;
				ENABLE_PREVIEWS = YES;
				GENERATE_INFOPLIST_FILE = YES;
				INFOPLIST_KEY_UIApplicationSceneManifest_Generation = YES;
				INFOPLIST_KEY_UIApplicationSupportsIndirectInputEvents = YES;
				INFOPLIST_KEY_UILaunchScreen_Generation = YES;
				INFOPLIST_KEY_UISupportedInterfaceOrientations_iPad = "UIInterfaceOrientationPortrait UIInterfaceOrientationPortraitUpsideDown UIInterfaceOrientationLandscapeLeft UIInterfaceOrientationLandscapeRight";
				INFOPLIST_KEY_UISupportedInterfaceOrientations_iPhone = "UIInterfaceOrientationPortrait UIInterfaceOrientationLandscapeLeft UIInterfaceOrientationLandscapeRight";
				LD_RUNPATH_SEARCH_PATHS = (
					"$(inherited)",
					"@executable_path/Frameworks",
				);
				MARKETING_VERSION = 1.0;
				PRODUCT_BUNDLE_IDENTIFIER = "chuljin.Coding-test-day1";
				PRODUCT_NAME = "$(TARGET_NAME)";
				SWIFT_EMIT_LOC_STRINGS = YES;
				SWIFT_VERSION = 5.0;
				TARGETED_DEVICE_FAMILY = "1,2";
			};
			name = Release;
		};
		F074F610276B7368006550D2 /* Debug */ = {
			isa = XCBuildConfiguration;
			buildSettings = {
				ALWAYS_EMBED_SWIFT_STANDARD_LIBRARIES = YES;
				BUNDLE_LOADER = "$(TEST_HOST)";
				CODE_SIGN_STYLE = Automatic;
				CURRENT_PROJECT_VERSION = 1;
				DEVELOPMENT_TEAM = LZ887YG4E9;
				GENERATE_INFOPLIST_FILE = YES;
				IPHONEOS_DEPLOYMENT_TARGET = 15.2;
				MARKETING_VERSION = 1.0;
				PRODUCT_BUNDLE_IDENTIFIER = "chuljin.Coding-test-day1Tests";
				PRODUCT_NAME = "$(TARGET_NAME)";
				SWIFT_EMIT_LOC_STRINGS = NO;
				SWIFT_VERSION = 5.0;
				TARGETED_DEVICE_FAMILY = "1,2";
				TEST_HOST = "$(BUILT_PRODUCTS_DIR)/Coding_test_day1.app/Coding_test_day1";
			};
			name = Debug;
		};
		F074F611276B7368006550D2 /* Release */ = {
			isa = XCBuildConfiguration;
			buildSettings = {
				ALWAYS_EMBED_SWIFT_STANDARD_LIBRARIES = YES;
				BUNDLE_LOADER = "$(TEST_HOST)";
				CODE_SIGN_STYLE = Automatic;
				CURRENT_PROJECT_VERSION = 1;
				DEVELOPMENT_TEAM = LZ887YG4E9;
				GENERATE_INFOPLIST_FILE = YES;
				IPHONEOS_DEPLOYMENT_TARGET = 15.2;
				MARKETING_VERSION = 1.0;
				PRODUCT_BUNDLE_IDENTIFIER = "chuljin.Coding-test-day1Tests";
				PRODUCT_NAME = "$(TARGET_NAME)";
				SWIFT_EMIT_LOC_STRINGS = NO;
				SWIFT_VERSION = 5.0;
				TARGETED_DEVICE_FAMILY = "1,2";
				TEST_HOST = "$(BUILT_PRODUCTS_DIR)/Coding_test_day1.app/Coding_test_day1";
			};
			name = Release;
		};
		F074F613276B7368006550D2 /* Debug */ = {
			isa = XCBuildConfiguration;
			buildSettings = {
				ALWAYS_EMBED_SWIFT_STANDARD_LIBRARIES = YES;
				CODE_SIGN_STYLE = Automatic;
				CURRENT_PROJECT_VERSION = 1;
				DEVELOPMENT_TEAM = LZ887YG4E9;
				GENERATE_INFOPLIST_FILE = YES;
				MARKETING_VERSION = 1.0;
				PRODUCT_BUNDLE_IDENTIFIER = "chuljin.Coding-test-day1UITests";
				PRODUCT_NAME = "$(TARGET_NAME)";
				SWIFT_EMIT_LOC_STRINGS = NO;
				SWIFT_VERSION = 5.0;
				TARGETED_DEVICE_FAMILY = "1,2";
				TEST_TARGET_NAME = Coding_test_day1;
			};
			name = Debug;
		};
		F074F614276B7368006550D2 /* Release */ = {
			isa = XCBuildConfiguration;
			buildSettings = {
				ALWAYS_EMBED_SWIFT_STANDARD_LIBRARIES = YES;
				CODE_SIGN_STYLE = Automatic;
				CURRENT_PROJECT_VERSION = 1;
				DEVELOPMENT_TEAM = LZ887YG4E9;
				GENERATE_INFOPLIST_FILE = YES;
				MARKETING_VERSION = 1.0;
				PRODUCT_BUNDLE_IDENTIFIER = "chuljin.Coding-test-day1UITests";
				PRODUCT_NAME = "$(TARGET_NAME)";
				SWIFT_EMIT_LOC_STRINGS = NO;
				SWIFT_VERSION = 5.0;
				TARGETED_DEVICE_FAMILY = "1,2";
				TEST_TARGET_NAME = Coding_test_day1;
			};
			name = Release;
		};
/* End XCBuildConfiguration section */

/* Begin XCConfigurationList section */
		F074F5E3276B7366006550D2 /* Build configuration list for PBXProject "Coding_test_day1" */ = {
			isa = XCConfigurationList;
			buildConfigurations = (
				F074F60A276B7368006550D2 /* Debug */,
				F074F60B276B7368006550D2 /* Release */,
			);
			defaultConfigurationIsVisible = 0;
			defaultConfigurationName = Release;
		};
		F074F60C276B7368006550D2 /* Build configuration list for PBXNativeTarget "Coding_test_day1" */ = {
			isa = XCConfigurationList;
			buildConfigurations = (
				F074F60D276B7368006550D2 /* Debug */,
				F074F60E276B7368006550D2 /* Release */,
			);
			defaultConfigurationIsVisible = 0;
			defaultConfigurationName = Release;
		};
		F074F60F276B7368006550D2 /* Build configuration list for PBXNativeTarget "Coding_test_day1Tests" */ = {
			isa = XCConfigurationList;
			buildConfigurations = (
				F074F610276B7368006550D2 /* Debug */,
				F074F611276B7368006550D2 /* Release */,
			);
			defaultConfigurationIsVisible = 0;
			defaultConfigurationName = Release;
		};
		F074F612276B7368006550D2 /* Build configuration list for PBXNativeTarget "Coding_test_day1UITests" */ = {
			isa = XCConfigurationList;
			buildConfigurations = (
				F074F613276B7368006550D2 /* Debug */,
				F074F614276B7368006550D2 /* Release */,
			);
			defaultConfigurationIsVisible = 0;
			defaultConfigurationName = Release;
		};
/* End XCConfigurationList section */
	};
	rootObject = F074F5E0276B7366006550D2 /* Project object */;
}
